PODS:
  - ActionSheetPicker-3.0 (1.6.2)
  - AFNetworkActivityLogger (2.0.4):
    - AFNetworking/NSURLConnection (~> 2.0)
    - AFNetworking/NSURLSession (~> 2.0)
  - AFNetworking (2.5.4):
    - AFNetworking/NSURLConnection (= 2.5.4)
    - AFNetworking/NSURLSession (= 2.5.4)
    - AFNetworking/Reachability (= 2.5.4)
    - AFNetworking/Security (= 2.5.4)
    - AFNetworking/Serialization (= 2.5.4)
    - AFNetworking/UIKit (= 2.5.4)
  - AFNetworking/NSURLConnection (2.5.4):
    - AFNetworking/Reachability
    - AFNetworking/Security
    - AFNetworking/Serialization
  - AFNetworking/NSURLSession (2.5.4):
    - AFNetworking/Reachability
    - AFNetworking/Security
    - AFNetworking/Serialization
  - AFNetworking/Reachability (2.5.4)
  - AFNetworking/Security (2.5.4)
  - AFNetworking/Serialization (2.5.4)
  - AFNetworking/UIKit (2.5.4):
    - AFNetworking/NSURLConnection
    - AFNetworking/NSURLSession
  - AMTagListView (0.6.3)
  - Bolts (1.2.0):
    - Bolts/AppLinks (= 1.2.0)
    - Bolts/Tasks (= 1.2.0)
  - Bolts/AppLinks (1.2.0):
    - Bolts/Tasks
  - Bolts/Tasks (1.2.0)
  - Braintree (3.9.2):
    - Braintree/API (= 3.9.2)
    - Braintree/Coinbase (= 3.9.2)
    - Braintree/Drop-In (= 3.9.2)
    - Braintree/Payments (= 3.9.2)
    - Braintree/PayPal (= 3.9.2)
    - Braintree/UI (= 3.9.2)
    - Braintree/Venmo (= 3.9.2)
  - Braintree/API (3.9.2)
  - Braintree/Coinbase (3.9.2):
    - Braintree/API
  - Braintree/Drop-In (3.9.2):
    - Braintree/API
    - Braintree/Coinbase
    - Braintree/Payments
    - Braintree/PayPal
    - Braintree/UI
    - Braintree/Venmo
  - Braintree/Payments (3.9.2):
    - Braintree/API
    - Braintree/Coinbase
    - Braintree/PayPal
    - Braintree/Venmo
  - Braintree/PayPal (3.9.2):
    - Braintree/API
    - Braintree/UI
  - Braintree/UI (3.9.2):
    - Braintree/API
  - Braintree/Venmo (3.9.2):
    - Braintree/API
  - Charts (2.1.2)
  - CHTCollectionViewWaterfallLayout (0.9.1)
  - Crashlytics (3.1.1)
  - DZNEmptyDataSet (1.5.2)
  - Fabric (1.2.8):
    - Fabric/Base (= 1.2.8)
  - Fabric/Base (1.2.8)
  - FBSDKCoreKit (4.5.1):
    - Bolts (~> 1.1)
    - FBSDKCoreKit/arc (= 4.5.1)
    - FBSDKCoreKit/no-arc (= 4.5.1)
  - FBSDKCoreKit/arc (4.5.1):
    - Bolts (~> 1.1)
  - FBSDKCoreKit/no-arc (4.5.1):
    - Bolts (~> 1.1)
    - FBSDKCoreKit/arc
  - FBSDKLoginKit (4.5.1):
    - FBSDKCoreKit
  - FBSDKShareKit (4.5.1):
    - FBSDKCoreKit
  - Firebase (2.3.3)
  - GPUImage (0.1.7)
  - HexColors (2.3.0)
  - JDFTooltips (1.0)
  - JLRoutes (1.5.2)
  - KLCPopup (1.0)
  - Mixpanel (2.8.2):
    - Mixpanel/Mixpanel (= 2.8.2)
  - Mixpanel/Mixpanel (2.8.2)
  - MLPAutoCompleteTextField (1.5)
  - MRProgress/ActivityIndicator (0.8.2):
    - MRProgress/Stopable
  - MRProgress/AFNetworking (0.8.2):
    - MRProgress/AFNetworking/ActivityIndicator (= 0.8.2)
    - MRProgress/AFNetworking/Base (= 0.8.2)
    - MRProgress/AFNetworking/Circular (= 0.8.2)
    - MRProgress/AFNetworking/NavigationBarProgress (= 0.8.2)
    - MRProgress/AFNetworking/Overlay (= 0.8.2)
    - MRProgress/AFNetworking/ProgressBaseClass (= 0.8.2)
  - MRProgress/AFNetworking/ActivityIndicator (0.8.2):
    - MRProgress/ActivityIndicator
    - MRProgress/AFNetworking/Base
  - MRProgress/AFNetworking/Base (0.8.2):
    - AFNetworking (~> 2.5.2)
    - AFNetworking/UIKit
    - MRProgress/MethodCopier
  - MRProgress/AFNetworking/Circular (0.8.2):
    - MRProgress/AFNetworking/ProgressBaseClass
  - MRProgress/AFNetworking/NavigationBarProgress (0.8.2):
    - MRProgress/AFNetworking/ProgressBaseClass
  - MRProgress/AFNetworking/Overlay (0.8.2):
    - MRProgress/AFNetworking/ActivityIndicator
    - MRProgress/AFNetworking/Base
    - MRProgress/AFNetworking/Circular
    - MRProgress/Overlay
  - MRProgress/AFNetworking/ProgressBaseClass (0.8.2):
    - MRProgress/AFNetworking/Base
    - MRProgress/ProgressBaseClass
  - MRProgress/Blur (0.8.2):
    - MRProgress/Helper
  - MRProgress/Circular (0.8.2):
    - MRProgress/Helper
    - MRProgress/ProgressBaseClass
    - MRProgress/Stopable
  - MRProgress/Helper (0.8.2)
  - MRProgress/Icons (0.8.2)
  - MRProgress/MethodCopier (0.8.2)
  - MRProgress/Overlay (0.8.2):
    - MRProgress/ActivityIndicator
    - MRProgress/Blur
    - MRProgress/Circular
    - MRProgress/Helper
    - MRProgress/Icons
  - MRProgress/ProgressBaseClass (0.8.2)
  - MRProgress/Stopable (0.8.2):
    - MRProgress/Helper
  - PermissionScope (0.7)
  - SSKeychain (1.2.3)
  - STTweetLabel (3.1.21)
  - SVPullToRefresh (0.4.1)
  - TLYShyNavBar (0.9.12)
  - TSMessages (0.9.13):
    - HexColors (~> 2.3.0)

DEPENDENCIES:
  - ActionSheetPicker-3.0 (~> 1.6.2)
  - AFNetworkActivityLogger (~> 2.0)
  - AFNetworking (~> 2.5.4)
  - AMTagListView (~> 0.6.3)
  - Braintree
  - Charts (~> 2.1.2)
  - CHTCollectionViewWaterfallLayout (~> 0.8)
  - Crashlytics
  - DZNEmptyDataSet (~> 1.5.2)
  - Fabric
  - FBSDKCoreKit (~> 4.5.1)
  - FBSDKLoginKit (~> 4.5.1)
  - FBSDKShareKit (~> 4.5.1)
  - Firebase (>= 2.3.3)
  - GPUImage (~> 0.1.7)
  - JDFTooltips (~> 1.0)
  - JLRoutes (~> 1.5.2)
  - KLCPopup (~> 1.0)
  - Mixpanel (~> 2.8.2)
  - MLPAutoCompleteTextField (~> 1.5)
  - MRProgress/AFNetworking (~> 0.8.2)
  - PermissionScope (~> 0.7)
  - SSKeychain (~> 1.2.3)
  - STTweetLabel (~> 3.1.2)
  - SVPullToRefresh (~> 0.4.1)
  - TLYShyNavBar (~> 0.9.12)
  - TSMessages (from `https://github.com/KrauseFx/TSMessages.git`)

EXTERNAL SOURCES:
  TSMessages:
    :git: https://github.com/KrauseFx/TSMessages.git

CHECKOUT OPTIONS:
  TSMessages:
    :commit: 7ef3990de3c626e8f3e50bfabb53f76997e374ce
    :git: https://github.com/KrauseFx/TSMessages.git

SPEC CHECKSUMS:
  ActionSheetPicker-3.0: cc9f90ae785070623e9b972270013c3242190fb0
  AFNetworkActivityLogger: 121486778117d53b3ab1c61d264b88081d0c3eee
  AFNetworking: 05edc0ac4c4c8cf57bcf4b84be5b0744b6d8e71e
  AMTagListView: 3f95751a6bae491553800447d4f5deba033ca7da
  Bolts: d176cb1e0012175589e389a9db49b85e27787576
  Braintree: 7df7050fd35c19a7e81409b15efe0320b980b3d4
  Charts: bedcb1fcb5d2b41119ae14629ffa23ed439233d0
  CHTCollectionViewWaterfallLayout: 1a8da4fc662702cbddda8926ced266036a829f84
  Crashlytics: 39ab395565bc03c29cdecd2b9d103ebf30930c10
  DZNEmptyDataSet: 741da409081a4bf707c949c964623a6ad1799772
  Fabric: a9eabe53915e9f1db55a84dd2838737928675878
  FBSDKCoreKit: f335eaf6865e1e1597dee1debfb533045500da47
  FBSDKLoginKit: 225cc9a388a92916ee3f3bb14422017b6e44b65b
  FBSDKShareKit: 642034ac9f30793dfd897851b724bb4281750266
  Firebase: 2db60272f68ce40c7d47e5ae6eddc16977c65d4c
  GPUImage: 733a5f0fab92df9de1c37ba9df520a833ccb406d
  HexColors: 6ad3947c3447a055a3aa8efa859def096351fe5f
  JDFTooltips: 439e3f1010b5e689e8438f66fce8448726e59897
  JLRoutes: fc36fd38ab476d5ac3a6a84b05be60e4b1a2bc81
  KLCPopup: 76c5a19227977f1e53d85236f9ef42257c168d98
  Mixpanel: f4d71ac2a306e7cda6ad03d4a2be249a0fd7a967
  MLPAutoCompleteTextField: ba4d507bbff2bd4f139d4197814fc8dd39caf77e
  MRProgress: f4cfe862082418e8f542f077772283f425d6c699
  PermissionScope: 1d27791185cca10c26f84d1aab905117dde50f39
  SSKeychain: 3f42991739c6c60a9cf1bbd4dff6c0d3694bcf3d
  STTweetLabel: 842bc86cdf13288414440405757478bd4820e1be
  SVPullToRefresh: ba2e718695a43253d8bea6852d2960097dc15d8c
  TLYShyNavBar: c39c12e01861ab87cc6d0d51867845c87d05f39d
  TSMessages: 8f04ffae3ce56a324731dedd3b8fab3766878db2

COCOAPODS: 0.37.2
