// !$*UTF8*$!
{
	archiveVersion = 1;
	classes = {
	};
	objectVersion = 46;
	objects = {

/* Begin PBXBuildFile section */
		440EEF4B5FE0D5277D1F73A6 /* Pods_Sprubix.framework in Frameworks */ = {isa = PBXBuildFile; fileRef = 1A23433EF8FCD1F1CE7226A6 /* Pods_Sprubix.framework */; settings = {ATTRIBUTES = (Weak, ); }; };
		843B81A11AFCB71900FA2DD2 /* SnapshotShareController.swift in Sources */ = {isa = PBXBuildFile; fileRef = 843B81A01AFCB71900FA2DD2 /* SnapshotShareController.swift */; };
		843B81A31AFDF22200FA2DD2 /* SnapshotDetailsController.swift in Sources */ = {isa = PBXBuildFile; fileRef = 843B81A21AFDF22200FA2DD2 /* SnapshotDetailsController.swift */; };
		84470D8A1AECC41B007E9A93 /* MainFeedController.swift in Sources */ = {isa = PBXBuildFile; fileRef = 84470D891AECC41B007E9A93 /* MainFeedController.swift */; };
		84470D8C1AED1847007E9A93 /* MainFeedCell.swift in Sources */ = {isa = PBXBuildFile; fileRef = 84470D8B1AED1847007E9A93 /* MainFeedCell.swift */; };
		845048B41A9ECC81008BDBAA /* AppDelegate.swift in Sources */ = {isa = PBXBuildFile; fileRef = 845048B31A9ECC81008BDBAA /* AppDelegate.swift */; };
		845048B71A9ECC81008BDBAA /* Sprubix.xcdatamodeld in Sources */ = {isa = PBXBuildFile; fileRef = 845048B51A9ECC81008BDBAA /* Sprubix.xcdatamodeld */; };
		845048B91A9ECC81008BDBAA /* SignInViewController.swift in Sources */ = {isa = PBXBuildFile; fileRef = 845048B81A9ECC81008BDBAA /* SignInViewController.swift */; };
		845048BC1A9ECC81008BDBAA /* Main.storyboard in Resources */ = {isa = PBXBuildFile; fileRef = 845048BA1A9ECC81008BDBAA /* Main.storyboard */; };
		845048BE1A9ECC81008BDBAA /* Images.xcassets in Resources */ = {isa = PBXBuildFile; fileRef = 845048BD1A9ECC81008BDBAA /* Images.xcassets */; };
		845048C11A9ECC81008BDBAA /* LaunchScreen.xib in Resources */ = {isa = PBXBuildFile; fileRef = 845048BF1A9ECC81008BDBAA /* LaunchScreen.xib */; };
		845048CD1A9ECC81008BDBAA /* SprubixTests.swift in Sources */ = {isa = PBXBuildFile; fileRef = 845048CC1A9ECC81008BDBAA /* SprubixTests.swift */; };
		846027A31B18B17B00A28C78 /* CommentsViewController.swift in Sources */ = {isa = PBXBuildFile; fileRef = 846027A21B18B17B00A28C78 /* CommentsViewController.swift */; };
		846027A51B18B71900A28C78 /* CommentCell.swift in Sources */ = {isa = PBXBuildFile; fileRef = 846027A41B18B71900A28C78 /* CommentCell.swift */; };
		846C97931ABAB11F0050D0BC /* Subclasses.swift in Sources */ = {isa = PBXBuildFile; fileRef = 846C97921ABAB11F0050D0BC /* Subclasses.swift */; };
		846C97991ABD545A0050D0BC /* SpruceViewController.swift in Sources */ = {isa = PBXBuildFile; fileRef = 846C97981ABD545A0050D0BC /* SpruceViewController.swift */; };
		846C979D1ABD68A80050D0BC /* SprucePieceFeedController.swift in Sources */ = {isa = PBXBuildFile; fileRef = 846C979C1ABD68A80050D0BC /* SprucePieceFeedController.swift */; };
		846C97A01ABDA6F00050D0BC /* SprucePieceFeedCell.swift in Sources */ = {isa = PBXBuildFile; fileRef = 846C979F1ABDA6F00050D0BC /* SprucePieceFeedCell.swift */; };
		8475ECFB1B24055D0000111A /* FavoritesViewController.swift in Sources */ = {isa = PBXBuildFile; fileRef = 8475ECFA1B24055D0000111A /* FavoritesViewController.swift */; };
		8475ECFD1B25D4F80000111A /* SettingsViewController.swift in Sources */ = {isa = PBXBuildFile; fileRef = 8475ECFC1B25D4F80000111A /* SettingsViewController.swift */; };
		847D05861AD58DDA005E09AB /* user4-mika.jpg in Resources */ = {isa = PBXBuildFile; fileRef = 847D05831AD58DDA005E09AB /* user4-mika.jpg */; };
		847D05871AD58DDA005E09AB /* user5-rika.jpg in Resources */ = {isa = PBXBuildFile; fileRef = 847D05841AD58DDA005E09AB /* user5-rika.jpg */; };
		847D05881AD58DDA005E09AB /* user6-melody.jpg in Resources */ = {isa = PBXBuildFile; fileRef = 847D05851AD58DDA005E09AB /* user6-melody.jpg */; };
		8486D4161B04774800ED31BA /* SprubixPiece.swift in Sources */ = {isa = PBXBuildFile; fileRef = 8486D4151B04774800ED31BA /* SprubixPiece.swift */; };
		84ACA11E1AE78F250084D4CF /* SprubixCameraViewController.swift in Sources */ = {isa = PBXBuildFile; fileRef = 84ACA11D1AE78F250084D4CF /* SprubixCameraViewController.swift */; };
		84ACA1211AE790020084D4CF /* SprubixCamera.swift in Sources */ = {isa = PBXBuildFile; fileRef = 84ACA1201AE790020084D4CF /* SprubixCamera.swift */; };
		84ACA1231AE7B5C80084D4CF /* EditSnapshotViewController.swift in Sources */ = {isa = PBXBuildFile; fileRef = 84ACA1221AE7B5C80084D4CF /* EditSnapshotViewController.swift */; };
		84B334E51AAB00DD00B9707D /* SidePanelViewController.swift in Sources */ = {isa = PBXBuildFile; fileRef = 84B334E41AAB00DD00B9707D /* SidePanelViewController.swift */; };
		84B334E81AAB0C7D00B9707D /* SidePanelOption.swift in Sources */ = {isa = PBXBuildFile; fileRef = 84B334E71AAB0C7D00B9707D /* SidePanelOption.swift */; };
		84B334EA1AAB0CC900B9707D /* SidePanelCell.swift in Sources */ = {isa = PBXBuildFile; fileRef = 84B334E91AAB0CC900B9707D /* SidePanelCell.swift */; };
		84B334EC1AAB1F9B00B9707D /* ContainerViewController.swift in Sources */ = {isa = PBXBuildFile; fileRef = 84B334EB1AAB1F9B00B9707D /* ContainerViewController.swift */; };
		84B334EE1AAC287800B9707D /* person-placeholder.jpg in Resources */ = {isa = PBXBuildFile; fileRef = 84B334ED1AAC287800B9707D /* person-placeholder.jpg */; };
		84B334F41AAC99F300B9707D /* icon-placeholder.png in Resources */ = {isa = PBXBuildFile; fileRef = 84B334F31AAC99F300B9707D /* icon-placeholder.png */; };
		84B335281AADE1F600B9707D /* UserProfileViewController.swift in Sources */ = {isa = PBXBuildFile; fileRef = 84B335271AADE1F600B9707D /* UserProfileViewController.swift */; };
		84B3352A1AAEBF8300B9707D /* ProfileOutfitCell.swift in Sources */ = {isa = PBXBuildFile; fileRef = 84B335291AAEBF8300B9707D /* ProfileOutfitCell.swift */; };
		84B3352C1AAEE2EB00B9707D /* UserProfileHeader.swift in Sources */ = {isa = PBXBuildFile; fileRef = 84B3352B1AAEE2EB00B9707D /* UserProfileHeader.swift */; };
		84B3352E1AAEEA1000B9707D /* UserProfileFooter.swift in Sources */ = {isa = PBXBuildFile; fileRef = 84B3352D1AAEEA1000B9707D /* UserProfileFooter.swift */; };
		84B335321AAF095900B9707D /* SprubixStretchyHeader.swift in Sources */ = {isa = PBXBuildFile; fileRef = 84B335311AAF095900B9707D /* SprubixStretchyHeader.swift */; };
		84B335361AB1ADBD00B9707D /* ProfilePieceCell.swift in Sources */ = {isa = PBXBuildFile; fileRef = 84B335351AB1ADBD00B9707D /* ProfilePieceCell.swift */; };
		84B3353E1AB2BA2000B9707D /* TransitionProtocol.swift in Sources */ = {isa = PBXBuildFile; fileRef = 84B3353D1AB2BA2000B9707D /* TransitionProtocol.swift */; };
		84B335401AB2BB9E00B9707D /* Transition.swift in Sources */ = {isa = PBXBuildFile; fileRef = 84B3353F1AB2BB9E00B9707D /* Transition.swift */; };
		84B335421AB2BC1400B9707D /* Macro.swift in Sources */ = {isa = PBXBuildFile; fileRef = 84B335411AB2BC1400B9707D /* Macro.swift */; };
		84B335441AB2BD0700B9707D /* Extension.swift in Sources */ = {isa = PBXBuildFile; fileRef = 84B335431AB2BD0700B9707D /* Extension.swift */; };
		84B335461AB2DA6F00B9707D /* OutfitDetailsViewController.swift in Sources */ = {isa = PBXBuildFile; fileRef = 84B335451AB2DA6F00B9707D /* OutfitDetailsViewController.swift */; };
		84B3354A1AB4035A00B9707D /* OutfitDetailsCell.swift in Sources */ = {isa = PBXBuildFile; fileRef = 84B335491AB4035A00B9707D /* OutfitDetailsCell.swift */; };
		84B3354C1AB449F500B9707D /* PieceDetailsViewController.swift in Sources */ = {isa = PBXBuildFile; fileRef = 84B3354B1AB449F500B9707D /* PieceDetailsViewController.swift */; };
		84B3354E1AB4520C00B9707D /* PieceDetailsCell.swift in Sources */ = {isa = PBXBuildFile; fileRef = 84B3354D1AB4520C00B9707D /* PieceDetailsCell.swift */; };
		84C9AC3E1AA06041009ADF5C /* SignUpViewController.swift in Sources */ = {isa = PBXBuildFile; fileRef = 84C9AC3D1AA06041009ADF5C /* SignUpViewController.swift */; };
		84D697271AC7E05800C676FD /* SpruceShareViewController.swift in Sources */ = {isa = PBXBuildFile; fileRef = 84D697261AC7E05800C676FD /* SpruceShareViewController.swift */; };
		84D697291AC922DA00C676FD /* logo-final-square.png in Resources */ = {isa = PBXBuildFile; fileRef = 84D697281AC922DA00C676FD /* logo-final-square.png */; };
		84EBF05C1B306176008D2306 /* SpruceSearchViewController.swift in Sources */ = {isa = PBXBuildFile; fileRef = 84EBF05B1B306176008D2306 /* SpruceSearchViewController.swift */; };
		84EBF05E1B30619B008D2306 /* SpruceSearchResultsViewController.swift in Sources */ = {isa = PBXBuildFile; fileRef = 84EBF05D1B30619B008D2306 /* SpruceSearchResultsViewController.swift */; };
		84FDB9601B1595FA00E8D720 /* NotificationCell.swift in Sources */ = {isa = PBXBuildFile; fileRef = 84FDB95F1B1595FA00E8D720 /* NotificationCell.swift */; };
		84FDB9631B15A63700E8D720 /* NotificationViewController.swift in Sources */ = {isa = PBXBuildFile; fileRef = 84FDB9621B15A63700E8D720 /* NotificationViewController.swift */; };
/* End PBXBuildFile section */

/* Begin PBXContainerItemProxy section */
		845048C71A9ECC81008BDBAA /* PBXContainerItemProxy */ = {
			isa = PBXContainerItemProxy;
			containerPortal = 845048A61A9ECC81008BDBAA /* Project object */;
			proxyType = 1;
			remoteGlobalIDString = 845048AD1A9ECC81008BDBAA;
			remoteInfo = Sprubix;
		};
/* End PBXContainerItemProxy section */

/* Begin PBXFileReference section */
		1A23433EF8FCD1F1CE7226A6 /* Pods_Sprubix.framework */ = {isa = PBXFileReference; explicitFileType = wrapper.framework; includeInIndex = 0; path = Pods_Sprubix.framework; sourceTree = BUILT_PRODUCTS_DIR; };
		3CCB3E13BD90F2A4CB30E528 /* Pods-Sprubix.debug.xcconfig */ = {isa = PBXFileReference; includeInIndex = 1; lastKnownFileType = text.xcconfig; name = "Pods-Sprubix.debug.xcconfig"; path = "Pods/Target Support Files/Pods-Sprubix/Pods-Sprubix.debug.xcconfig"; sourceTree = "<group>"; };
		843B81A01AFCB71900FA2DD2 /* SnapshotShareController.swift */ = {isa = PBXFileReference; fileEncoding = 4; lastKnownFileType = sourcecode.swift; path = SnapshotShareController.swift; sourceTree = "<group>"; };
		843B81A21AFDF22200FA2DD2 /* SnapshotDetailsController.swift */ = {isa = PBXFileReference; fileEncoding = 4; lastKnownFileType = sourcecode.swift; path = SnapshotDetailsController.swift; sourceTree = "<group>"; };
		84470D891AECC41B007E9A93 /* MainFeedController.swift */ = {isa = PBXFileReference; fileEncoding = 4; lastKnownFileType = sourcecode.swift; path = MainFeedController.swift; sourceTree = "<group>"; };
		84470D8B1AED1847007E9A93 /* MainFeedCell.swift */ = {isa = PBXFileReference; fileEncoding = 4; lastKnownFileType = sourcecode.swift; path = MainFeedCell.swift; sourceTree = "<group>"; };
		845048AE1A9ECC81008BDBAA /* Sprubix.app */ = {isa = PBXFileReference; explicitFileType = wrapper.application; includeInIndex = 0; path = Sprubix.app; sourceTree = BUILT_PRODUCTS_DIR; };
		845048B21A9ECC81008BDBAA /* Info.plist */ = {isa = PBXFileReference; lastKnownFileType = text.plist.xml; path = Info.plist; sourceTree = "<group>"; };
		845048B31A9ECC81008BDBAA /* AppDelegate.swift */ = {isa = PBXFileReference; lastKnownFileType = sourcecode.swift; path = AppDelegate.swift; sourceTree = "<group>"; };
		845048B61A9ECC81008BDBAA /* Sprubix.xcdatamodel */ = {isa = PBXFileReference; lastKnownFileType = wrapper.xcdatamodel; path = Sprubix.xcdatamodel; sourceTree = "<group>"; };
		845048B81A9ECC81008BDBAA /* SignInViewController.swift */ = {isa = PBXFileReference; lastKnownFileType = sourcecode.swift; path = SignInViewController.swift; sourceTree = "<group>"; };
		845048BB1A9ECC81008BDBAA /* Base */ = {isa = PBXFileReference; lastKnownFileType = file.storyboard; name = Base; path = Base.lproj/Main.storyboard; sourceTree = "<group>"; };
		845048BD1A9ECC81008BDBAA /* Images.xcassets */ = {isa = PBXFileReference; lastKnownFileType = folder.assetcatalog; path = Images.xcassets; sourceTree = "<group>"; };
		845048C01A9ECC81008BDBAA /* Base */ = {isa = PBXFileReference; lastKnownFileType = file.xib; name = Base; path = Base.lproj/LaunchScreen.xib; sourceTree = "<group>"; };
		845048C61A9ECC81008BDBAA /* SprubixTests.xctest */ = {isa = PBXFileReference; explicitFileType = wrapper.cfbundle; includeInIndex = 0; path = SprubixTests.xctest; sourceTree = BUILT_PRODUCTS_DIR; };
		845048CB1A9ECC81008BDBAA /* Info.plist */ = {isa = PBXFileReference; lastKnownFileType = text.plist.xml; path = Info.plist; sourceTree = "<group>"; };
		845048CC1A9ECC81008BDBAA /* SprubixTests.swift */ = {isa = PBXFileReference; lastKnownFileType = sourcecode.swift; path = SprubixTests.swift; sourceTree = "<group>"; };
		845048D61A9ECFE2008BDBAA /* Sprubix-Bridging-Header.h */ = {isa = PBXFileReference; lastKnownFileType = sourcecode.c.h; path = "Sprubix-Bridging-Header.h"; sourceTree = SOURCE_ROOT; };
		846027A21B18B17B00A28C78 /* CommentsViewController.swift */ = {isa = PBXFileReference; fileEncoding = 4; lastKnownFileType = sourcecode.swift; path = CommentsViewController.swift; sourceTree = "<group>"; };
		846027A41B18B71900A28C78 /* CommentCell.swift */ = {isa = PBXFileReference; fileEncoding = 4; lastKnownFileType = sourcecode.swift; path = CommentCell.swift; sourceTree = "<group>"; };
		846C97921ABAB11F0050D0BC /* Subclasses.swift */ = {isa = PBXFileReference; fileEncoding = 4; lastKnownFileType = sourcecode.swift; path = Subclasses.swift; sourceTree = "<group>"; };
		846C97981ABD545A0050D0BC /* SpruceViewController.swift */ = {isa = PBXFileReference; fileEncoding = 4; lastKnownFileType = sourcecode.swift; path = SpruceViewController.swift; sourceTree = "<group>"; };
		846C979C1ABD68A80050D0BC /* SprucePieceFeedController.swift */ = {isa = PBXFileReference; fileEncoding = 4; lastKnownFileType = sourcecode.swift; path = SprucePieceFeedController.swift; sourceTree = "<group>"; };
		846C979F1ABDA6F00050D0BC /* SprucePieceFeedCell.swift */ = {isa = PBXFileReference; fileEncoding = 4; lastKnownFileType = sourcecode.swift; path = SprucePieceFeedCell.swift; sourceTree = "<group>"; };
		8475ECFA1B24055D0000111A /* FavoritesViewController.swift */ = {isa = PBXFileReference; fileEncoding = 4; lastKnownFileType = sourcecode.swift; path = FavoritesViewController.swift; sourceTree = "<group>"; };
		8475ECFC1B25D4F80000111A /* SettingsViewController.swift */ = {isa = PBXFileReference; fileEncoding = 4; lastKnownFileType = sourcecode.swift; path = SettingsViewController.swift; sourceTree = "<group>"; };
		847D05831AD58DDA005E09AB /* user4-mika.jpg */ = {isa = PBXFileReference; lastKnownFileType = image.jpeg; path = "user4-mika.jpg"; sourceTree = "<group>"; };
		847D05841AD58DDA005E09AB /* user5-rika.jpg */ = {isa = PBXFileReference; lastKnownFileType = image.jpeg; path = "user5-rika.jpg"; sourceTree = "<group>"; };
		847D05851AD58DDA005E09AB /* user6-melody.jpg */ = {isa = PBXFileReference; lastKnownFileType = image.jpeg; path = "user6-melody.jpg"; sourceTree = "<group>"; };
		8486D4151B04774800ED31BA /* SprubixPiece.swift */ = {isa = PBXFileReference; fileEncoding = 4; lastKnownFileType = sourcecode.swift; path = SprubixPiece.swift; sourceTree = "<group>"; };
		84ACA11D1AE78F250084D4CF /* SprubixCameraViewController.swift */ = {isa = PBXFileReference; fileEncoding = 4; lastKnownFileType = sourcecode.swift; path = SprubixCameraViewController.swift; sourceTree = "<group>"; };
		84ACA1201AE790020084D4CF /* SprubixCamera.swift */ = {isa = PBXFileReference; fileEncoding = 4; lastKnownFileType = sourcecode.swift; path = SprubixCamera.swift; sourceTree = "<group>"; };
		84ACA1221AE7B5C80084D4CF /* EditSnapshotViewController.swift */ = {isa = PBXFileReference; fileEncoding = 4; lastKnownFileType = sourcecode.swift; path = EditSnapshotViewController.swift; sourceTree = "<group>"; };
		84B334E41AAB00DD00B9707D /* SidePanelViewController.swift */ = {isa = PBXFileReference; fileEncoding = 4; lastKnownFileType = sourcecode.swift; path = SidePanelViewController.swift; sourceTree = "<group>"; };
		84B334E71AAB0C7D00B9707D /* SidePanelOption.swift */ = {isa = PBXFileReference; fileEncoding = 4; lastKnownFileType = sourcecode.swift; path = SidePanelOption.swift; sourceTree = "<group>"; };
		84B334E91AAB0CC900B9707D /* SidePanelCell.swift */ = {isa = PBXFileReference; fileEncoding = 4; lastKnownFileType = sourcecode.swift; path = SidePanelCell.swift; sourceTree = "<group>"; };
		84B334EB1AAB1F9B00B9707D /* ContainerViewController.swift */ = {isa = PBXFileReference; fileEncoding = 4; lastKnownFileType = sourcecode.swift; path = ContainerViewController.swift; sourceTree = "<group>"; };
		84B334ED1AAC287800B9707D /* person-placeholder.jpg */ = {isa = PBXFileReference; lastKnownFileType = image.jpeg; path = "person-placeholder.jpg"; sourceTree = "<group>"; };
		84B334F31AAC99F300B9707D /* icon-placeholder.png */ = {isa = PBXFileReference; lastKnownFileType = image.png; path = "icon-placeholder.png"; sourceTree = "<group>"; };
		84B335271AADE1F600B9707D /* UserProfileViewController.swift */ = {isa = PBXFileReference; fileEncoding = 4; lastKnownFileType = sourcecode.swift; path = UserProfileViewController.swift; sourceTree = "<group>"; };
		84B335291AAEBF8300B9707D /* ProfileOutfitCell.swift */ = {isa = PBXFileReference; fileEncoding = 4; lastKnownFileType = sourcecode.swift; path = ProfileOutfitCell.swift; sourceTree = "<group>"; };
		84B3352B1AAEE2EB00B9707D /* UserProfileHeader.swift */ = {isa = PBXFileReference; fileEncoding = 4; lastKnownFileType = sourcecode.swift; path = UserProfileHeader.swift; sourceTree = "<group>"; };
		84B3352D1AAEEA1000B9707D /* UserProfileFooter.swift */ = {isa = PBXFileReference; fileEncoding = 4; lastKnownFileType = sourcecode.swift; path = UserProfileFooter.swift; sourceTree = "<group>"; };
		84B335311AAF095900B9707D /* SprubixStretchyHeader.swift */ = {isa = PBXFileReference; fileEncoding = 4; lastKnownFileType = sourcecode.swift; path = SprubixStretchyHeader.swift; sourceTree = "<group>"; };
		84B335351AB1ADBD00B9707D /* ProfilePieceCell.swift */ = {isa = PBXFileReference; fileEncoding = 4; lastKnownFileType = sourcecode.swift; path = ProfilePieceCell.swift; sourceTree = "<group>"; };
		84B3353D1AB2BA2000B9707D /* TransitionProtocol.swift */ = {isa = PBXFileReference; fileEncoding = 4; lastKnownFileType = sourcecode.swift; path = TransitionProtocol.swift; sourceTree = "<group>"; };
		84B3353F1AB2BB9E00B9707D /* Transition.swift */ = {isa = PBXFileReference; fileEncoding = 4; lastKnownFileType = sourcecode.swift; path = Transition.swift; sourceTree = "<group>"; };
		84B335411AB2BC1400B9707D /* Macro.swift */ = {isa = PBXFileReference; fileEncoding = 4; lastKnownFileType = sourcecode.swift; path = Macro.swift; sourceTree = "<group>"; };
		84B335431AB2BD0700B9707D /* Extension.swift */ = {isa = PBXFileReference; fileEncoding = 4; lastKnownFileType = sourcecode.swift; path = Extension.swift; sourceTree = "<group>"; };
		84B335451AB2DA6F00B9707D /* OutfitDetailsViewController.swift */ = {isa = PBXFileReference; fileEncoding = 4; lastKnownFileType = sourcecode.swift; path = OutfitDetailsViewController.swift; sourceTree = "<group>"; };
		84B335491AB4035A00B9707D /* OutfitDetailsCell.swift */ = {isa = PBXFileReference; fileEncoding = 4; lastKnownFileType = sourcecode.swift; path = OutfitDetailsCell.swift; sourceTree = "<group>"; };
		84B3354B1AB449F500B9707D /* PieceDetailsViewController.swift */ = {isa = PBXFileReference; fileEncoding = 4; lastKnownFileType = sourcecode.swift; path = PieceDetailsViewController.swift; sourceTree = "<group>"; };
		84B3354D1AB4520C00B9707D /* PieceDetailsCell.swift */ = {isa = PBXFileReference; fileEncoding = 4; lastKnownFileType = sourcecode.swift; path = PieceDetailsCell.swift; sourceTree = "<group>"; };
		84C9AC3D1AA06041009ADF5C /* SignUpViewController.swift */ = {isa = PBXFileReference; fileEncoding = 4; lastKnownFileType = sourcecode.swift; path = SignUpViewController.swift; sourceTree = "<group>"; };
		84D697261AC7E05800C676FD /* SpruceShareViewController.swift */ = {isa = PBXFileReference; fileEncoding = 4; lastKnownFileType = sourcecode.swift; path = SpruceShareViewController.swift; sourceTree = "<group>"; };
		84D697281AC922DA00C676FD /* logo-final-square.png */ = {isa = PBXFileReference; lastKnownFileType = image.png; path = "logo-final-square.png"; sourceTree = "<group>"; };
		84EBF05B1B306176008D2306 /* SpruceSearchViewController.swift */ = {isa = PBXFileReference; fileEncoding = 4; lastKnownFileType = sourcecode.swift; path = SpruceSearchViewController.swift; sourceTree = "<group>"; };
		84EBF05D1B30619B008D2306 /* SpruceSearchResultsViewController.swift */ = {isa = PBXFileReference; fileEncoding = 4; lastKnownFileType = sourcecode.swift; path = SpruceSearchResultsViewController.swift; sourceTree = "<group>"; };
		84FDB95F1B1595FA00E8D720 /* NotificationCell.swift */ = {isa = PBXFileReference; fileEncoding = 4; lastKnownFileType = sourcecode.swift; path = NotificationCell.swift; sourceTree = "<group>"; };
		84FDB9621B15A63700E8D720 /* NotificationViewController.swift */ = {isa = PBXFileReference; fileEncoding = 4; lastKnownFileType = sourcecode.swift; path = NotificationViewController.swift; sourceTree = "<group>"; };
		9C19E471A8B7AC341F31C03D /* Pods-Sprubix.release.xcconfig */ = {isa = PBXFileReference; includeInIndex = 1; lastKnownFileType = text.xcconfig; name = "Pods-Sprubix.release.xcconfig"; path = "Pods/Target Support Files/Pods-Sprubix/Pods-Sprubix.release.xcconfig"; sourceTree = "<group>"; };
/* End PBXFileReference section */

/* Begin PBXFrameworksBuildPhase section */
		845048AB1A9ECC81008BDBAA /* Frameworks */ = {
			isa = PBXFrameworksBuildPhase;
			buildActionMask = 2147483647;
			files = (
				440EEF4B5FE0D5277D1F73A6 /* Pods_Sprubix.framework in Frameworks */,
			);
			runOnlyForDeploymentPostprocessing = 0;
		};
		845048C31A9ECC81008BDBAA /* Frameworks */ = {
			isa = PBXFrameworksBuildPhase;
			buildActionMask = 2147483647;
			files = (
			);
			runOnlyForDeploymentPostprocessing = 0;
		};
/* End PBXFrameworksBuildPhase section */

/* Begin PBXGroup section */
		4AF451CB8B8147F7AB8DA29A /* Pods */ = {
			isa = PBXGroup;
			children = (
				3CCB3E13BD90F2A4CB30E528 /* Pods-Sprubix.debug.xcconfig */,
				9C19E471A8B7AC341F31C03D /* Pods-Sprubix.release.xcconfig */,
			);
			name = Pods;
			sourceTree = "<group>";
		};
		845048A51A9ECC81008BDBAA = {
			isa = PBXGroup;
			children = (
				845048B01A9ECC81008BDBAA /* Sprubix */,
				845048C91A9ECC81008BDBAA /* SprubixTests */,
				845048AF1A9ECC81008BDBAA /* Products */,
				4AF451CB8B8147F7AB8DA29A /* Pods */,
				C8DB1F85BAB349ED9836B8C0 /* Frameworks */,
			);
			sourceTree = "<group>";
		};
		845048AF1A9ECC81008BDBAA /* Products */ = {
			isa = PBXGroup;
			children = (
				845048AE1A9ECC81008BDBAA /* Sprubix.app */,
				845048C61A9ECC81008BDBAA /* SprubixTests.xctest */,
			);
			name = Products;
			sourceTree = "<group>";
		};
		845048B01A9ECC81008BDBAA /* Sprubix */ = {
			isa = PBXGroup;
			children = (
				845048B31A9ECC81008BDBAA /* AppDelegate.swift */,
				84B334E61AAB0C5A00B9707D /* Models */,
				8497333F1AA4556A00E5C750 /* Views */,
				8497333E1AA4556200E5C750 /* Controllers */,
				845048B51A9ECC81008BDBAA /* Sprubix.xcdatamodeld */,
				845048B11A9ECC81008BDBAA /* Supporting Files */,
			);
			path = Sprubix;
			sourceTree = "<group>";
		};
		845048B11A9ECC81008BDBAA /* Supporting Files */ = {
			isa = PBXGroup;
			children = (
				845048D61A9ECFE2008BDBAA /* Sprubix-Bridging-Header.h */,
				845048BD1A9ECC81008BDBAA /* Images.xcassets */,
				845048B21A9ECC81008BDBAA /* Info.plist */,
				84B335411AB2BC1400B9707D /* Macro.swift */,
				84B335431AB2BD0700B9707D /* Extension.swift */,
				846C97921ABAB11F0050D0BC /* Subclasses.swift */,
				84B334F31AAC99F300B9707D /* icon-placeholder.png */,
				84B334ED1AAC287800B9707D /* person-placeholder.jpg */,
				84D697281AC922DA00C676FD /* logo-final-square.png */,
				847D05831AD58DDA005E09AB /* user4-mika.jpg */,
				847D05841AD58DDA005E09AB /* user5-rika.jpg */,
				847D05851AD58DDA005E09AB /* user6-melody.jpg */,
			);
			name = "Supporting Files";
			sourceTree = "<group>";
		};
		845048C91A9ECC81008BDBAA /* SprubixTests */ = {
			isa = PBXGroup;
			children = (
				845048CC1A9ECC81008BDBAA /* SprubixTests.swift */,
				845048CA1A9ECC81008BDBAA /* Supporting Files */,
			);
			path = SprubixTests;
			sourceTree = "<group>";
		};
		845048CA1A9ECC81008BDBAA /* Supporting Files */ = {
			isa = PBXGroup;
			children = (
				845048CB1A9ECC81008BDBAA /* Info.plist */,
			);
			name = "Supporting Files";
			sourceTree = "<group>";
		};
		846C979A1ABD5BCC0050D0BC /* Spruce */ = {
			isa = PBXGroup;
			children = (
				84EBF05A1B306137008D2306 /* Search */,
				846C97981ABD545A0050D0BC /* SpruceViewController.swift */,
				846C979C1ABD68A80050D0BC /* SprucePieceFeedController.swift */,
				84D697261AC7E05800C676FD /* SpruceShareViewController.swift */,
			);
			name = Spruce;
			sourceTree = "<group>";
		};
		846C979B1ABD5BE50050D0BC /* Feed */ = {
			isa = PBXGroup;
			children = (
				84470D891AECC41B007E9A93 /* MainFeedController.swift */,
				846027A21B18B17B00A28C78 /* CommentsViewController.swift */,
			);
			name = Feed;
			sourceTree = "<group>";
		};
		846C979E1ABDA5840050D0BC /* Spruce */ = {
			isa = PBXGroup;
			children = (
				846C979F1ABDA6F00050D0BC /* SprucePieceFeedCell.swift */,
			);
			name = Spruce;
			sourceTree = "<group>";
		};
		8497333E1AA4556200E5C750 /* Controllers */ = {
			isa = PBXGroup;
			children = (
				84FCCAC11AB56466009C10B2 /* Auth */,
				84FDB95E1B15956100E8D720 /* Main */,
				846C979B1ABD5BE50050D0BC /* Feed */,
				84FDB95D1B15954400E8D720 /* Details */,
				84ACA11B1AE78D920084D4CF /* Profile */,
				846C979A1ABD5BCC0050D0BC /* Spruce */,
				84FDB9611B15A5F900E8D720 /* Menu */,
				84ACA11C1AE78EBF0084D4CF /* Create */,
			);
			name = Controllers;
			sourceTree = "<group>";
		};
		8497333F1AA4556A00E5C750 /* Views */ = {
			isa = PBXGroup;
			children = (
				845048BA1A9ECC81008BDBAA /* Main.storyboard */,
				845048BF1A9ECC81008BDBAA /* LaunchScreen.xib */,
				84FDB95B1B1594FC00E8D720 /* Feed */,
				84FDB95C1B15952A00E8D720 /* Details */,
				84FCCABF1AB56422009C10B2 /* Profile */,
				846C979E1ABDA5840050D0BC /* Spruce */,
				84FDB95A1B1594E000E8D720 /* Menu */,
			);
			name = Views;
			sourceTree = "<group>";
		};
		84ACA11B1AE78D920084D4CF /* Profile */ = {
			isa = PBXGroup;
			children = (
				84B335271AADE1F600B9707D /* UserProfileViewController.swift */,
			);
			name = Profile;
			sourceTree = "<group>";
		};
		84ACA11C1AE78EBF0084D4CF /* Create */ = {
			isa = PBXGroup;
			children = (
				84ACA11D1AE78F250084D4CF /* SprubixCameraViewController.swift */,
				84ACA1221AE7B5C80084D4CF /* EditSnapshotViewController.swift */,
				843B81A01AFCB71900FA2DD2 /* SnapshotShareController.swift */,
				843B81A21AFDF22200FA2DD2 /* SnapshotDetailsController.swift */,
			);
			name = Create;
			sourceTree = "<group>";
		};
		84ACA11F1AE78FE00084D4CF /* Create */ = {
			isa = PBXGroup;
			children = (
				84ACA1201AE790020084D4CF /* SprubixCamera.swift */,
				8486D4151B04774800ED31BA /* SprubixPiece.swift */,
			);
			name = Create;
			sourceTree = "<group>";
		};
		84B334E61AAB0C5A00B9707D /* Models */ = {
			isa = PBXGroup;
			children = (
				84B3353B1AB2B96A00B9707D /* Transition */,
				84ACA11F1AE78FE00084D4CF /* Create */,
				84B335311AAF095900B9707D /* SprubixStretchyHeader.swift */,
				84B334E71AAB0C7D00B9707D /* SidePanelOption.swift */,
			);
			name = Models;
			sourceTree = "<group>";
		};
		84B3353B1AB2B96A00B9707D /* Transition */ = {
			isa = PBXGroup;
			children = (
				84B3353C1AB2B97700B9707D /* Protocol */,
				84B3353F1AB2BB9E00B9707D /* Transition.swift */,
			);
			name = Transition;
			sourceTree = "<group>";
		};
		84B3353C1AB2B97700B9707D /* Protocol */ = {
			isa = PBXGroup;
			children = (
				84B3353D1AB2BA2000B9707D /* TransitionProtocol.swift */,
			);
			name = Protocol;
			sourceTree = "<group>";
		};
		84EBF05A1B306137008D2306 /* Search */ = {
			isa = PBXGroup;
			children = (
				84EBF05B1B306176008D2306 /* SpruceSearchViewController.swift */,
				84EBF05D1B30619B008D2306 /* SpruceSearchResultsViewController.swift */,
			);
			name = Search;
			sourceTree = "<group>";
		};
		84FCCABF1AB56422009C10B2 /* Profile */ = {
			isa = PBXGroup;
			children = (
				84B335291AAEBF8300B9707D /* ProfileOutfitCell.swift */,
				84B335351AB1ADBD00B9707D /* ProfilePieceCell.swift */,
				84B3352B1AAEE2EB00B9707D /* UserProfileHeader.swift */,
				84B3352D1AAEEA1000B9707D /* UserProfileFooter.swift */,
			);
			name = Profile;
			sourceTree = "<group>";
		};
		84FCCAC11AB56466009C10B2 /* Auth */ = {
			isa = PBXGroup;
			children = (
				845048B81A9ECC81008BDBAA /* SignInViewController.swift */,
				84C9AC3D1AA06041009ADF5C /* SignUpViewController.swift */,
			);
			name = Auth;
			sourceTree = "<group>";
		};
		84FDB95A1B1594E000E8D720 /* Menu */ = {
			isa = PBXGroup;
			children = (
				84B334E91AAB0CC900B9707D /* SidePanelCell.swift */,
				84FDB95F1B1595FA00E8D720 /* NotificationCell.swift */,
			);
			name = Menu;
			sourceTree = "<group>";
		};
		84FDB95B1B1594FC00E8D720 /* Feed */ = {
			isa = PBXGroup;
			children = (
				84470D8B1AED1847007E9A93 /* MainFeedCell.swift */,
				846027A41B18B71900A28C78 /* CommentCell.swift */,
			);
			name = Feed;
			sourceTree = "<group>";
		};
		84FDB95C1B15952A00E8D720 /* Details */ = {
			isa = PBXGroup;
			children = (
				84B335491AB4035A00B9707D /* OutfitDetailsCell.swift */,
				84B3354D1AB4520C00B9707D /* PieceDetailsCell.swift */,
			);
			name = Details;
			sourceTree = "<group>";
		};
		84FDB95D1B15954400E8D720 /* Details */ = {
			isa = PBXGroup;
			children = (
				84B335451AB2DA6F00B9707D /* OutfitDetailsViewController.swift */,
				84B3354B1AB449F500B9707D /* PieceDetailsViewController.swift */,
			);
			name = Details;
			sourceTree = "<group>";
		};
		84FDB95E1B15956100E8D720 /* Main */ = {
			isa = PBXGroup;
			children = (
				84B334EB1AAB1F9B00B9707D /* ContainerViewController.swift */,
			);
			name = Main;
			sourceTree = "<group>";
		};
		84FDB9611B15A5F900E8D720 /* Menu */ = {
			isa = PBXGroup;
			children = (
				84B334E41AAB00DD00B9707D /* SidePanelViewController.swift */,
				84FDB9621B15A63700E8D720 /* NotificationViewController.swift */,
				8475ECFA1B24055D0000111A /* FavoritesViewController.swift */,
				8475ECFC1B25D4F80000111A /* SettingsViewController.swift */,
			);
			name = Menu;
			sourceTree = "<group>";
		};
		C8DB1F85BAB349ED9836B8C0 /* Frameworks */ = {
			isa = PBXGroup;
			children = (
				1A23433EF8FCD1F1CE7226A6 /* Pods_Sprubix.framework */,
			);
			name = Frameworks;
			sourceTree = "<group>";
		};
/* End PBXGroup section */

/* Begin PBXNativeTarget section */
		845048AD1A9ECC81008BDBAA /* Sprubix */ = {
			isa = PBXNativeTarget;
			buildConfigurationList = 845048D01A9ECC81008BDBAA /* Build configuration list for PBXNativeTarget "Sprubix" */;
			buildPhases = (
				635BABC215BC6E2BBB953F46 /* Check Pods Manifest.lock */,
				845048AA1A9ECC81008BDBAA /* Sources */,
				845048AB1A9ECC81008BDBAA /* Frameworks */,
				845048AC1A9ECC81008BDBAA /* Resources */,
				B7ED7270C67BCD69752250FC /* Copy Pods Resources */,
				983BD515A56370F7A86F5BDD /* Embed Pods Frameworks */,
			);
			buildRules = (
			);
			dependencies = (
			);
			name = Sprubix;
			productName = Sprubix;
			productReference = 845048AE1A9ECC81008BDBAA /* Sprubix.app */;
			productType = "com.apple.product-type.application";
		};
		845048C51A9ECC81008BDBAA /* SprubixTests */ = {
			isa = PBXNativeTarget;
			buildConfigurationList = 845048D31A9ECC81008BDBAA /* Build configuration list for PBXNativeTarget "SprubixTests" */;
			buildPhases = (
				845048C21A9ECC81008BDBAA /* Sources */,
				845048C31A9ECC81008BDBAA /* Frameworks */,
				845048C41A9ECC81008BDBAA /* Resources */,
			);
			buildRules = (
			);
			dependencies = (
				845048C81A9ECC81008BDBAA /* PBXTargetDependency */,
			);
			name = SprubixTests;
			productName = SprubixTests;
			productReference = 845048C61A9ECC81008BDBAA /* SprubixTests.xctest */;
			productType = "com.apple.product-type.bundle.unit-test";
		};
/* End PBXNativeTarget section */

/* Begin PBXProject section */
		845048A61A9ECC81008BDBAA /* Project object */ = {
			isa = PBXProject;
			attributes = {
				LastUpgradeCheck = 0610;
				ORGANIZATIONNAME = Sprubix;
				TargetAttributes = {
					845048AD1A9ECC81008BDBAA = {
						CreatedOnToolsVersion = 6.1.1;
						DevelopmentTeam = 89UBS4A28G;
					};
					845048C51A9ECC81008BDBAA = {
						CreatedOnToolsVersion = 6.1.1;
						TestTargetID = 845048AD1A9ECC81008BDBAA;
					};
				};
			};
			buildConfigurationList = 845048A91A9ECC81008BDBAA /* Build configuration list for PBXProject "Sprubix" */;
			compatibilityVersion = "Xcode 3.2";
			developmentRegion = English;
			hasScannedForEncodings = 0;
			knownRegions = (
				en,
				Base,
			);
			mainGroup = 845048A51A9ECC81008BDBAA;
			productRefGroup = 845048AF1A9ECC81008BDBAA /* Products */;
			projectDirPath = "";
			projectRoot = "";
			targets = (
				845048AD1A9ECC81008BDBAA /* Sprubix */,
				845048C51A9ECC81008BDBAA /* SprubixTests */,
			);
		};
/* End PBXProject section */

/* Begin PBXResourcesBuildPhase section */
		845048AC1A9ECC81008BDBAA /* Resources */ = {
			isa = PBXResourcesBuildPhase;
			buildActionMask = 2147483647;
			files = (
				84B334EE1AAC287800B9707D /* person-placeholder.jpg in Resources */,
				847D05881AD58DDA005E09AB /* user6-melody.jpg in Resources */,
				847D05871AD58DDA005E09AB /* user5-rika.jpg in Resources */,
				845048BC1A9ECC81008BDBAA /* Main.storyboard in Resources */,
				845048C11A9ECC81008BDBAA /* LaunchScreen.xib in Resources */,
				84D697291AC922DA00C676FD /* logo-final-square.png in Resources */,
				845048BE1A9ECC81008BDBAA /* Images.xcassets in Resources */,
				847D05861AD58DDA005E09AB /* user4-mika.jpg in Resources */,
				84B334F41AAC99F300B9707D /* icon-placeholder.png in Resources */,
			);
			runOnlyForDeploymentPostprocessing = 0;
		};
		845048C41A9ECC81008BDBAA /* Resources */ = {
			isa = PBXResourcesBuildPhase;
			buildActionMask = 2147483647;
			files = (
			);
			runOnlyForDeploymentPostprocessing = 0;
		};
/* End PBXResourcesBuildPhase section */

/* Begin PBXShellScriptBuildPhase section */
		635BABC215BC6E2BBB953F46 /* Check Pods Manifest.lock */ = {
			isa = PBXShellScriptBuildPhase;
			buildActionMask = 2147483647;
			files = (
			);
			inputPaths = (
			);
			name = "Check Pods Manifest.lock";
			outputPaths = (
			);
			runOnlyForDeploymentPostprocessing = 0;
			shellPath = /bin/sh;
			shellScript = "diff \"${PODS_ROOT}/../Podfile.lock\" \"${PODS_ROOT}/Manifest.lock\" > /dev/null\nif [[ $? != 0 ]] ; then\n    cat << EOM\nerror: The sandbox is not in sync with the Podfile.lock. Run 'pod install' or update your CocoaPods installation.\nEOM\n    exit 1\nfi\n";
			showEnvVarsInLog = 0;
		};
		983BD515A56370F7A86F5BDD /* Embed Pods Frameworks */ = {
			isa = PBXShellScriptBuildPhase;
			buildActionMask = 2147483647;
			files = (
			);
			inputPaths = (
			);
			name = "Embed Pods Frameworks";
			outputPaths = (
			);
			runOnlyForDeploymentPostprocessing = 0;
			shellPath = /bin/sh;
			shellScript = "\"${SRCROOT}/Pods/Target Support Files/Pods-Sprubix/Pods-Sprubix-frameworks.sh\"\n";
			showEnvVarsInLog = 0;
		};
		B7ED7270C67BCD69752250FC /* Copy Pods Resources */ = {
			isa = PBXShellScriptBuildPhase;
			buildActionMask = 2147483647;
			files = (
			);
			inputPaths = (
			);
			name = "Copy Pods Resources";
			outputPaths = (
			);
			runOnlyForDeploymentPostprocessing = 0;
			shellPath = /bin/sh;
			shellScript = "\"${SRCROOT}/Pods/Target Support Files/Pods-Sprubix/Pods-Sprubix-resources.sh\"\n";
			showEnvVarsInLog = 0;
		};
/* End PBXShellScriptBuildPhase section */

/* Begin PBXSourcesBuildPhase section */
		845048AA1A9ECC81008BDBAA /* Sources */ = {
			isa = PBXSourcesBuildPhase;
			buildActionMask = 2147483647;
			files = (
				846027A31B18B17B00A28C78 /* CommentsViewController.swift in Sources */,
				84B335401AB2BB9E00B9707D /* Transition.swift in Sources */,
				84B3353E1AB2BA2000B9707D /* TransitionProtocol.swift in Sources */,
				84B3352C1AAEE2EB00B9707D /* UserProfileHeader.swift in Sources */,
				8475ECFB1B24055D0000111A /* FavoritesViewController.swift in Sources */,
				845048B91A9ECC81008BDBAA /* SignInViewController.swift in Sources */,
				84B334EC1AAB1F9B00B9707D /* ContainerViewController.swift in Sources */,
				8475ECFD1B25D4F80000111A /* SettingsViewController.swift in Sources */,
				84B334EA1AAB0CC900B9707D /* SidePanelCell.swift in Sources */,
				845048B41A9ECC81008BDBAA /* AppDelegate.swift in Sources */,
				84FDB9601B1595FA00E8D720 /* NotificationCell.swift in Sources */,
				84470D8A1AECC41B007E9A93 /* MainFeedController.swift in Sources */,
				84C9AC3E1AA06041009ADF5C /* SignUpViewController.swift in Sources */,
				84B334E51AAB00DD00B9707D /* SidePanelViewController.swift in Sources */,
				843B81A11AFCB71900FA2DD2 /* SnapshotShareController.swift in Sources */,
				846C97991ABD545A0050D0BC /* SpruceViewController.swift in Sources */,
				84B335361AB1ADBD00B9707D /* ProfilePieceCell.swift in Sources */,
				846027A51B18B71900A28C78 /* CommentCell.swift in Sources */,
				84B3354E1AB4520C00B9707D /* PieceDetailsCell.swift in Sources */,
				8486D4161B04774800ED31BA /* SprubixPiece.swift in Sources */,
				846C979D1ABD68A80050D0BC /* SprucePieceFeedController.swift in Sources */,
				84B335321AAF095900B9707D /* SprubixStretchyHeader.swift in Sources */,
				843B81A31AFDF22200FA2DD2 /* SnapshotDetailsController.swift in Sources */,
				84ACA1211AE790020084D4CF /* SprubixCamera.swift in Sources */,
				846C97A01ABDA6F00050D0BC /* SprucePieceFeedCell.swift in Sources */,
				846C97931ABAB11F0050D0BC /* Subclasses.swift in Sources */,
				84ACA11E1AE78F250084D4CF /* SprubixCameraViewController.swift in Sources */,
				84EBF05E1B30619B008D2306 /* SpruceSearchResultsViewController.swift in Sources */,
				845048B71A9ECC81008BDBAA /* Sprubix.xcdatamodeld in Sources */,
				84470D8C1AED1847007E9A93 /* MainFeedCell.swift in Sources */,
				84FDB9631B15A63700E8D720 /* NotificationViewController.swift in Sources */,
				84B3354C1AB449F500B9707D /* PieceDetailsViewController.swift in Sources */,
				84B3352E1AAEEA1000B9707D /* UserProfileFooter.swift in Sources */,
				84B334E81AAB0C7D00B9707D /* SidePanelOption.swift in Sources */,
				84B3354A1AB4035A00B9707D /* OutfitDetailsCell.swift in Sources */,
				84B335441AB2BD0700B9707D /* Extension.swift in Sources */,
				84B335281AADE1F600B9707D /* UserProfileViewController.swift in Sources */,
				84EBF05C1B306176008D2306 /* SpruceSearchViewController.swift in Sources */,
				84B3352A1AAEBF8300B9707D /* ProfileOutfitCell.swift in Sources */,
				84D697271AC7E05800C676FD /* SpruceShareViewController.swift in Sources */,
				84B335461AB2DA6F00B9707D /* OutfitDetailsViewController.swift in Sources */,
				84ACA1231AE7B5C80084D4CF /* EditSnapshotViewController.swift in Sources */,
				84B335421AB2BC1400B9707D /* Macro.swift in Sources */,
			);
			runOnlyForDeploymentPostprocessing = 0;
		};
		845048C21A9ECC81008BDBAA /* Sources */ = {
			isa = PBXSourcesBuildPhase;
			buildActionMask = 2147483647;
			files = (
				845048CD1A9ECC81008BDBAA /* SprubixTests.swift in Sources */,
			);
			runOnlyForDeploymentPostprocessing = 0;
		};
/* End PBXSourcesBuildPhase section */

/* Begin PBXTargetDependency section */
		845048C81A9ECC81008BDBAA /* PBXTargetDependency */ = {
			isa = PBXTargetDependency;
			target = 845048AD1A9ECC81008BDBAA /* Sprubix */;
			targetProxy = 845048C71A9ECC81008BDBAA /* PBXContainerItemProxy */;
		};
/* End PBXTargetDependency section */

/* Begin PBXVariantGroup section */
		845048BA1A9ECC81008BDBAA /* Main.storyboard */ = {
			isa = PBXVariantGroup;
			children = (
				845048BB1A9ECC81008BDBAA /* Base */,
			);
			name = Main.storyboard;
			sourceTree = "<group>";
		};
		845048BF1A9ECC81008BDBAA /* LaunchScreen.xib */ = {
			isa = PBXVariantGroup;
			children = (
				845048C01A9ECC81008BDBAA /* Base */,
			);
			name = LaunchScreen.xib;
			sourceTree = "<group>";
		};
/* End PBXVariantGroup section */

/* Begin XCBuildConfiguration section */
		845048CE1A9ECC81008BDBAA /* Debug */ = {
			isa = XCBuildConfiguration;
			buildSettings = {
				ALWAYS_SEARCH_USER_PATHS = NO;
				CLANG_CXX_LANGUAGE_STANDARD = "gnu++0x";
				CLANG_CXX_LIBRARY = "libc++";
				CLANG_ENABLE_MODULES = YES;
				CLANG_ENABLE_OBJC_ARC = YES;
				CLANG_WARN_BOOL_CONVERSION = YES;
				CLANG_WARN_CONSTANT_CONVERSION = YES;
				CLANG_WARN_DIRECT_OBJC_ISA_USAGE = YES_ERROR;
				CLANG_WARN_EMPTY_BODY = YES;
				CLANG_WARN_ENUM_CONVERSION = YES;
				CLANG_WARN_INT_CONVERSION = YES;
				CLANG_WARN_OBJC_ROOT_CLASS = YES_ERROR;
				CLANG_WARN_UNREACHABLE_CODE = YES;
				CLANG_WARN__DUPLICATE_METHOD_MATCH = YES;
				"CODE_SIGN_IDENTITY[sdk=iphoneos*]" = "iPhone Developer";
				COPY_PHASE_STRIP = NO;
				ENABLE_STRICT_OBJC_MSGSEND = YES;
				GCC_C_LANGUAGE_STANDARD = gnu99;
				GCC_DYNAMIC_NO_PIC = NO;
				GCC_OPTIMIZATION_LEVEL = 0;
				GCC_PREPROCESSOR_DEFINITIONS = (
					"DEBUG=1",
					"$(inherited)",
				);
				GCC_SYMBOLS_PRIVATE_EXTERN = NO;
				GCC_WARN_64_TO_32_BIT_CONVERSION = YES;
				GCC_WARN_ABOUT_RETURN_TYPE = YES_ERROR;
				GCC_WARN_UNDECLARED_SELECTOR = YES;
				GCC_WARN_UNINITIALIZED_AUTOS = YES_AGGRESSIVE;
				GCC_WARN_UNUSED_FUNCTION = YES;
				GCC_WARN_UNUSED_VARIABLE = YES;
				IPHONEOS_DEPLOYMENT_TARGET = 8.1;
				MTL_ENABLE_DEBUG_INFO = YES;
				ONLY_ACTIVE_ARCH = YES;
				SDKROOT = iphoneos;
				SWIFT_OPTIMIZATION_LEVEL = "-Onone";
			};
			name = Debug;
		};
		845048CF1A9ECC81008BDBAA /* Release */ = {
			isa = XCBuildConfiguration;
			buildSettings = {
				ALWAYS_SEARCH_USER_PATHS = NO;
				CLANG_CXX_LANGUAGE_STANDARD = "gnu++0x";
				CLANG_CXX_LIBRARY = "libc++";
				CLANG_ENABLE_MODULES = YES;
				CLANG_ENABLE_OBJC_ARC = YES;
				CLANG_WARN_BOOL_CONVERSION = YES;
				CLANG_WARN_CONSTANT_CONVERSION = YES;
				CLANG_WARN_DIRECT_OBJC_ISA_USAGE = YES_ERROR;
				CLANG_WARN_EMPTY_BODY = YES;
				CLANG_WARN_ENUM_CONVERSION = YES;
				CLANG_WARN_INT_CONVERSION = YES;
				CLANG_WARN_OBJC_ROOT_CLASS = YES_ERROR;
				CLANG_WARN_UNREACHABLE_CODE = YES;
				CLANG_WARN__DUPLICATE_METHOD_MATCH = YES;
				"CODE_SIGN_IDENTITY[sdk=iphoneos*]" = "iPhone Developer";
				COPY_PHASE_STRIP = YES;
				ENABLE_NS_ASSERTIONS = NO;
				ENABLE_STRICT_OBJC_MSGSEND = YES;
				GCC_C_LANGUAGE_STANDARD = gnu99;
				GCC_WARN_64_TO_32_BIT_CONVERSION = YES;
				GCC_WARN_ABOUT_RETURN_TYPE = YES_ERROR;
				GCC_WARN_UNDECLARED_SELECTOR = YES;
				GCC_WARN_UNINITIALIZED_AUTOS = YES_AGGRESSIVE;
				GCC_WARN_UNUSED_FUNCTION = YES;
				GCC_WARN_UNUSED_VARIABLE = YES;
				IPHONEOS_DEPLOYMENT_TARGET = 8.1;
				MTL_ENABLE_DEBUG_INFO = NO;
				SDKROOT = iphoneos;
				VALIDATE_PRODUCT = YES;
			};
			name = Release;
		};
		845048D11A9ECC81008BDBAA /* Debug */ = {
			isa = XCBuildConfiguration;
			baseConfigurationReference = 3CCB3E13BD90F2A4CB30E528 /* Pods-Sprubix.debug.xcconfig */;
			buildSettings = {
				ASSETCATALOG_COMPILER_APPICON_NAME = AppIcon;
				CLANG_ENABLE_MODULES = YES;
				CODE_SIGN_IDENTITY = "iPhone Developer";
				"CODE_SIGN_IDENTITY[sdk=iphoneos*]" = "iPhone Developer";
				INFOPLIST_FILE = Sprubix/Info.plist;
				IPHONEOS_DEPLOYMENT_TARGET = 8.0;
				LD_RUNPATH_SEARCH_PATHS = "$(inherited) @executable_path/Frameworks";
				OTHER_SWIFT_FLAGS = "$(inherited)";
				PRODUCT_NAME = "$(TARGET_NAME)";
				PROVISIONING_PROFILE = "";
				SWIFT_OBJC_BRIDGING_HEADER = "Sprubix-Bridging-Header.h";
				SWIFT_OPTIMIZATION_LEVEL = "-Onone";
				TARGETED_DEVICE_FAMILY = 1;
			};
			name = Debug;
		};
		845048D21A9ECC81008BDBAA /* Release */ = {
			isa = XCBuildConfiguration;
			baseConfigurationReference = 9C19E471A8B7AC341F31C03D /* Pods-Sprubix.release.xcconfig */;
			buildSettings = {
				ASSETCATALOG_COMPILER_APPICON_NAME = AppIcon;
				CLANG_ENABLE_MODULES = YES;
				CODE_SIGN_IDENTITY = "iPhone Developer";
				"CODE_SIGN_IDENTITY[sdk=iphoneos*]" = "iPhone Developer";
				INFOPLIST_FILE = Sprubix/Info.plist;
				IPHONEOS_DEPLOYMENT_TARGET = 8.0;
				LD_RUNPATH_SEARCH_PATHS = "$(inherited) @executable_path/Frameworks";
				PRODUCT_NAME = "$(TARGET_NAME)";
				PROVISIONING_PROFILE = "";
				SWIFT_OBJC_BRIDGING_HEADER = "Sprubix-Bridging-Header.h";
				TARGETED_DEVICE_FAMILY = 1;
			};
			name = Release;
		};
		845048D41A9ECC81008BDBAA /* Debug */ = {
			isa = XCBuildConfiguration;
			buildSettings = {
				BUNDLE_LOADER = "$(TEST_HOST)";
				FRAMEWORK_SEARCH_PATHS = (
					"$(SDKROOT)/Developer/Library/Frameworks",
					"$(inherited)",
				);
				GCC_PREPROCESSOR_DEFINITIONS = (
					"DEBUG=1",
					"$(inherited)",
				);
				INFOPLIST_FILE = SprubixTests/Info.plist;
				LD_RUNPATH_SEARCH_PATHS = "$(inherited) @executable_path/Frameworks @loader_path/Frameworks";
				PRODUCT_NAME = "$(TARGET_NAME)";
				TEST_HOST = "$(BUILT_PRODUCTS_DIR)/Sprubix.app/Sprubix";
			};
			name = Debug;
		};
		845048D51A9ECC81008BDBAA /* Release */ = {
			isa = XCBuildConfiguration;
			buildSettings = {
				BUNDLE_LOADER = "$(TEST_HOST)";
				FRAMEWORK_SEARCH_PATHS = (
					"$(SDKROOT)/Developer/Library/Frameworks",
					"$(inherited)",
				);
				INFOPLIST_FILE = SprubixTests/Info.plist;
				LD_RUNPATH_SEARCH_PATHS = "$(inherited) @executable_path/Frameworks @loader_path/Frameworks";
				PRODUCT_NAME = "$(TARGET_NAME)";
				TEST_HOST = "$(BUILT_PRODUCTS_DIR)/Sprubix.app/Sprubix";
			};
			name = Release;
		};
/* End XCBuildConfiguration section */

/* Begin XCConfigurationList section */
		845048A91A9ECC81008BDBAA /* Build configuration list for PBXProject "Sprubix" */ = {
			isa = XCConfigurationList;
			buildConfigurations = (
				845048CE1A9ECC81008BDBAA /* Debug */,
				845048CF1A9ECC81008BDBAA /* Release */,
			);
			defaultConfigurationIsVisible = 0;
			defaultConfigurationName = Release;
		};
		845048D01A9ECC81008BDBAA /* Build configuration list for PBXNativeTarget "Sprubix" */ = {
			isa = XCConfigurationList;
			buildConfigurations = (
				845048D11A9ECC81008BDBAA /* Debug */,
				845048D21A9ECC81008BDBAA /* Release */,
			);
			defaultConfigurationIsVisible = 0;
			defaultConfigurationName = Release;
		};
		845048D31A9ECC81008BDBAA /* Build configuration list for PBXNativeTarget "SprubixTests" */ = {
			isa = XCConfigurationList;
			buildConfigurations = (
				845048D41A9ECC81008BDBAA /* Debug */,
				845048D51A9ECC81008BDBAA /* Release */,
			);
			defaultConfigurationIsVisible = 0;
			defaultConfigurationName = Release;
		};
/* End XCConfigurationList section */

/* Begin XCVersionGroup section */
		845048B51A9ECC81008BDBAA /* Sprubix.xcdatamodeld */ = {
			isa = XCVersionGroup;
			children = (
				845048B61A9ECC81008BDBAA /* Sprubix.xcdatamodel */,
			);
			currentVersion = 845048B61A9ECC81008BDBAA /* Sprubix.xcdatamodel */;
			path = Sprubix.xcdatamodeld;
			sourceTree = "<group>";
			versionGroupType = wrapper.xcdatamodel;
		};
/* End XCVersionGroup section */
	};
	rootObject = 845048A61A9ECC81008BDBAA /* Project object */;
}
