// !$*UTF8*$!
{
	archiveVersion = 1;
	classes = {
	};
	objectVersion = 46;
	objects = {

/* Begin PBXBuildFile section */
		05044E301B91803E00A50F3F /* SearchUserCell.swift in Sources */ = {isa = PBXBuildFile; fileRef = 05044E2F1B91803E00A50F3F /* SearchUserCell.swift */; };
		052925CF1B578CE400B939F8 /* EditPasswordViewController.swift in Sources */ = {isa = PBXBuildFile; fileRef = 052925CE1B578CE400B939F8 /* EditPasswordViewController.swift */; };
		0544BAAB1B8F147D00B058A8 /* TermsOfServiceViewController.swift in Sources */ = {isa = PBXBuildFile; fileRef = 0544BAAA1B8F147D00B058A8 /* TermsOfServiceViewController.swift */; };
		0544BAAD1B8F148F00B058A8 /* PrivacyPolicyViewController.swift in Sources */ = {isa = PBXBuildFile; fileRef = 0544BAAC1B8F148F00B058A8 /* PrivacyPolicyViewController.swift */; };
		058609E41B76221B009AAA93 /* DashboardItemCell.swift in Sources */ = {isa = PBXBuildFile; fileRef = 058609E31B76221B009AAA93 /* DashboardItemCell.swift */; };
		059E98931B563B85007A5A42 /* EditProfileViewController.swift in Sources */ = {isa = PBXBuildFile; fileRef = 059E98921B563B85007A5A42 /* EditProfileViewController.swift */; };
		05BE68871B75C0410098FDCF /* DashboardViewController.swift in Sources */ = {isa = PBXBuildFile; fileRef = 05BE68861B75C0410098FDCF /* DashboardViewController.swift */; };
		05BE68891B75D5690098FDCF /* DashboardOverlay.swift in Sources */ = {isa = PBXBuildFile; fileRef = 05BE68881B75D5690098FDCF /* DashboardOverlay.swift */; };
		05F7EDE01B58EA0F00CB2665 /* HelpCenterViewController.swift in Sources */ = {isa = PBXBuildFile; fileRef = 05F7EDDF1B58EA0F00CB2665 /* HelpCenterViewController.swift */; };
		05F7EDE21B593EA200CB2665 /* ProvideFeedbackViewController.swift in Sources */ = {isa = PBXBuildFile; fileRef = 05F7EDE11B593EA200CB2665 /* ProvideFeedbackViewController.swift */; };
		440EEF4B5FE0D5277D1F73A6 /* Pods_Sprubix.framework in Frameworks */ = {isa = PBXBuildFile; fileRef = 1A23433EF8FCD1F1CE7226A6 /* Pods_Sprubix.framework */; settings = {ATTRIBUTES = (Weak, ); }; };
		8405D02F1B4E8E7A00B42752 /* CheckoutViewController.swift in Sources */ = {isa = PBXBuildFile; fileRef = 8405D02E1B4E8E7A00B42752 /* CheckoutViewController.swift */; };
		8405D0311B4FD3A400B42752 /* PaymentMethodCell.swift in Sources */ = {isa = PBXBuildFile; fileRef = 8405D0301B4FD3A400B42752 /* PaymentMethodCell.swift */; };
		8405D0331B511F8400B42752 /* CheckoutItemCell.swift in Sources */ = {isa = PBXBuildFile; fileRef = 8405D0321B511F8400B42752 /* CheckoutItemCell.swift */; };
		8405D0351B512B7400B42752 /* CheckoutDeliveryPaymentCell.swift in Sources */ = {isa = PBXBuildFile; fileRef = 8405D0341B512B7400B42752 /* CheckoutDeliveryPaymentCell.swift */; };
		8405D03C1B525F5B00B42752 /* CheckoutOrderViewController.swift in Sources */ = {isa = PBXBuildFile; fileRef = 8405D03B1B525F5B00B42752 /* CheckoutOrderViewController.swift */; };
		8405D03E1B526A0E00B42752 /* OrdersViewController.swift in Sources */ = {isa = PBXBuildFile; fileRef = 8405D03D1B526A0E00B42752 /* OrdersViewController.swift */; };
		8405D0421B54D87D00B42752 /* Shop.storyboard in Resources */ = {isa = PBXBuildFile; fileRef = 8405D0411B54D87D00B42752 /* Shop.storyboard */; };
		8405D0441B54DA3900B42752 /* Menu.storyboard in Resources */ = {isa = PBXBuildFile; fileRef = 8405D0431B54DA3900B42752 /* Menu.storyboard */; };
		8405D0461B54DB8700B42752 /* Settings.storyboard in Resources */ = {isa = PBXBuildFile; fileRef = 8405D0451B54DB8700B42752 /* Settings.storyboard */; };
		8405D0491B54DC8900B42752 /* Auth.storyboard in Resources */ = {isa = PBXBuildFile; fileRef = 8405D0481B54DC8900B42752 /* Auth.storyboard */; };
		8405D04B1B552C5E00B42752 /* CheckoutPointsViewController.swift in Sources */ = {isa = PBXBuildFile; fileRef = 8405D04A1B552C5E00B42752 /* CheckoutPointsViewController.swift */; };
		8405D04D1B552CAB00B42752 /* CheckoutPointsSectionHeader.swift in Sources */ = {isa = PBXBuildFile; fileRef = 8405D04C1B552CAB00B42752 /* CheckoutPointsSectionHeader.swift */; };
		8405D04F1B552CD300B42752 /* CheckoutPointsSectionFooter.swift in Sources */ = {isa = PBXBuildFile; fileRef = 8405D04E1B552CD300B42752 /* CheckoutPointsSectionFooter.swift */; };
		8405D0511B55481D00B42752 /* CheckoutPointsItemCell.swift in Sources */ = {isa = PBXBuildFile; fileRef = 8405D0501B55481D00B42752 /* CheckoutPointsItemCell.swift */; };
		8405D0531B5A615D00B42752 /* OrderCell.swift in Sources */ = {isa = PBXBuildFile; fileRef = 8405D0521B5A615D00B42752 /* OrderCell.swift */; };
		8405D0551B5B539000B42752 /* ShopOrdersViewController.swift in Sources */ = {isa = PBXBuildFile; fileRef = 8405D0541B5B539000B42752 /* ShopOrdersViewController.swift */; };
		8405D0571B5B60BC00B42752 /* ShopOrderDetailsViewController.swift in Sources */ = {isa = PBXBuildFile; fileRef = 8405D0561B5B60BC00B42752 /* ShopOrderDetailsViewController.swift */; };
		8405D05D1B5CB7E700B42752 /* OrderDetailsUserCell.swift in Sources */ = {isa = PBXBuildFile; fileRef = 8405D05C1B5CB7E700B42752 /* OrderDetailsUserCell.swift */; };
		8405D05F1B5CB83500B42752 /* OrderDetailsContactCell.swift in Sources */ = {isa = PBXBuildFile; fileRef = 8405D05E1B5CB83500B42752 /* OrderDetailsContactCell.swift */; };
		8405D0611B5CC7A700B42752 /* OrderDetailsStatusCell.swift in Sources */ = {isa = PBXBuildFile; fileRef = 8405D0601B5CC7A700B42752 /* OrderDetailsStatusCell.swift */; };
		8405D0631B5E607500B42752 /* CustomerDetailsViewController.swift in Sources */ = {isa = PBXBuildFile; fileRef = 8405D0621B5E607500B42752 /* CustomerDetailsViewController.swift */; };
		8405D0651B5F709000B42752 /* CustomerDetailsRecentOrdersCell.swift in Sources */ = {isa = PBXBuildFile; fileRef = 8405D0641B5F709000B42752 /* CustomerDetailsRecentOrdersCell.swift */; };
		8405D0671B5F8B6100B42752 /* PeopleFeedViewController.swift in Sources */ = {isa = PBXBuildFile; fileRef = 8405D0661B5F8B6000B42752 /* PeopleFeedViewController.swift */; };
		840950DF1B7C9BD70094BE76 /* RefundCell.swift in Sources */ = {isa = PBXBuildFile; fileRef = 840950DE1B7C9BD70094BE76 /* RefundCell.swift */; };
		843B81A11AFCB71900FA2DD2 /* SnapshotShareController.swift in Sources */ = {isa = PBXBuildFile; fileRef = 843B81A01AFCB71900FA2DD2 /* SnapshotShareController.swift */; };
		843B81A31AFDF22200FA2DD2 /* SnapshotDetailsController.swift in Sources */ = {isa = PBXBuildFile; fileRef = 843B81A21AFDF22200FA2DD2 /* SnapshotDetailsController.swift */; };
		84470D8A1AECC41B007E9A93 /* MainFeedController.swift in Sources */ = {isa = PBXBuildFile; fileRef = 84470D891AECC41B007E9A93 /* MainFeedController.swift */; };
		84470D8C1AED1847007E9A93 /* MainFeedCell.swift in Sources */ = {isa = PBXBuildFile; fileRef = 84470D8B1AED1847007E9A93 /* MainFeedCell.swift */; };
		845048B41A9ECC81008BDBAA /* AppDelegate.swift in Sources */ = {isa = PBXBuildFile; fileRef = 845048B31A9ECC81008BDBAA /* AppDelegate.swift */; };
		845048B71A9ECC81008BDBAA /* Sprubix.xcdatamodeld in Sources */ = {isa = PBXBuildFile; fileRef = 845048B51A9ECC81008BDBAA /* Sprubix.xcdatamodeld */; };
		845048B91A9ECC81008BDBAA /* SignUpViewController.swift in Sources */ = {isa = PBXBuildFile; fileRef = 845048B81A9ECC81008BDBAA /* SignUpViewController.swift */; };
		845048BC1A9ECC81008BDBAA /* Main.storyboard in Resources */ = {isa = PBXBuildFile; fileRef = 845048BA1A9ECC81008BDBAA /* Main.storyboard */; };
		845048BE1A9ECC81008BDBAA /* Images.xcassets in Resources */ = {isa = PBXBuildFile; fileRef = 845048BD1A9ECC81008BDBAA /* Images.xcassets */; };
		845048C11A9ECC81008BDBAA /* LaunchScreen.xib in Resources */ = {isa = PBXBuildFile; fileRef = 845048BF1A9ECC81008BDBAA /* LaunchScreen.xib */; };
		845048CD1A9ECC81008BDBAA /* SprubixTests.swift in Sources */ = {isa = PBXBuildFile; fileRef = 845048CC1A9ECC81008BDBAA /* SprubixTests.swift */; };
		845834BB1B6B2EB0007C6F6B /* EditProfileCropPhotoViewController.swift in Sources */ = {isa = PBXBuildFile; fileRef = 845834BA1B6B2EB0007C6F6B /* EditProfileCropPhotoViewController.swift */; };
		845834BF1B6CC834007C6F6B /* EditProfileSnapPhotoViewController.swift in Sources */ = {isa = PBXBuildFile; fileRef = 845834BE1B6CC834007C6F6B /* EditProfileSnapPhotoViewController.swift */; };
		845834C11B6F5994007C6F6B /* PeopleFeedCell.swift in Sources */ = {isa = PBXBuildFile; fileRef = 845834C01B6F5994007C6F6B /* PeopleFeedCell.swift */; };
		845834C31B6F94CD007C6F6B /* SearchViewController.swift in Sources */ = {isa = PBXBuildFile; fileRef = 845834C21B6F94CD007C6F6B /* SearchViewController.swift */; };
		845834C71B73B8A5007C6F6B /* ShopOrderRefundsViewController.swift in Sources */ = {isa = PBXBuildFile; fileRef = 845834C61B73B8A5007C6F6B /* ShopOrderRefundsViewController.swift */; };
		845834C91B7486E4007C6F6B /* ShopOrderRefundDetailsViewController.swift in Sources */ = {isa = PBXBuildFile; fileRef = 845834C81B7486E4007C6F6B /* ShopOrderRefundDetailsViewController.swift */; };
		845834CC1B749327007C6F6B /* OrderDetailsRefundCell.swift in Sources */ = {isa = PBXBuildFile; fileRef = 845834CB1B749327007C6F6B /* OrderDetailsRefundCell.swift */; };
		845834CF1B74A2AE007C6F6B /* RefundDetailsItemCell.swift in Sources */ = {isa = PBXBuildFile; fileRef = 845834CE1B74A2AE007C6F6B /* RefundDetailsItemCell.swift */; };
		845834D11B74ABE6007C6F6B /* RefundDetailsFooterCell.swift in Sources */ = {isa = PBXBuildFile; fileRef = 845834D01B74ABE6007C6F6B /* RefundDetailsFooterCell.swift */; };
		845834D31B7661D7007C6F6B /* UserFollowListViewController.swift in Sources */ = {isa = PBXBuildFile; fileRef = 845834D21B7661D7007C6F6B /* UserFollowListViewController.swift */; };
		845834D51B766B29007C6F6B /* UserFollowListCell.swift in Sources */ = {isa = PBXBuildFile; fileRef = 845834D41B766B29007C6F6B /* UserFollowListCell.swift */; };
		845834D71B766CA1007C6F6B /* UserFollowListUNCell.swift in Sources */ = {isa = PBXBuildFile; fileRef = 845834D61B766CA1007C6F6B /* UserFollowListUNCell.swift */; };
		845834D91B7B42F1007C6F6B /* RefundDetailsStatusCell.swift in Sources */ = {isa = PBXBuildFile; fileRef = 845834D81B7B42F1007C6F6B /* RefundDetailsStatusCell.swift */; };
		846027A31B18B17B00A28C78 /* CommentsViewController.swift in Sources */ = {isa = PBXBuildFile; fileRef = 846027A21B18B17B00A28C78 /* CommentsViewController.swift */; };
		846027A51B18B71900A28C78 /* CommentCell.swift in Sources */ = {isa = PBXBuildFile; fileRef = 846027A41B18B71900A28C78 /* CommentCell.swift */; };
		846C97931ABAB11F0050D0BC /* Subclasses.swift in Sources */ = {isa = PBXBuildFile; fileRef = 846C97921ABAB11F0050D0BC /* Subclasses.swift */; };
		846C97991ABD545A0050D0BC /* SpruceViewController.swift in Sources */ = {isa = PBXBuildFile; fileRef = 846C97981ABD545A0050D0BC /* SpruceViewController.swift */; };
		846C979D1ABD68A80050D0BC /* SprucePieceFeedController.swift in Sources */ = {isa = PBXBuildFile; fileRef = 846C979C1ABD68A80050D0BC /* SprucePieceFeedController.swift */; };
		846C97A01ABDA6F00050D0BC /* SprucePieceFeedCell.swift in Sources */ = {isa = PBXBuildFile; fileRef = 846C979F1ABDA6F00050D0BC /* SprucePieceFeedCell.swift */; };
		8475ECFB1B24055D0000111A /* FavoritesViewController.swift in Sources */ = {isa = PBXBuildFile; fileRef = 8475ECFA1B24055D0000111A /* FavoritesViewController.swift */; };
		8475ECFD1B25D4F80000111A /* SettingsViewController.swift in Sources */ = {isa = PBXBuildFile; fileRef = 8475ECFC1B25D4F80000111A /* SettingsViewController.swift */; };
		8482B8661B476A280017CEEF /* CartItemSectionHeader.swift in Sources */ = {isa = PBXBuildFile; fileRef = 8482B8651B476A280017CEEF /* CartItemSectionHeader.swift */; };
		8482B8681B47B3FF0017CEEF /* CartItemSectionFooter.swift in Sources */ = {isa = PBXBuildFile; fileRef = 8482B8671B47B3FF0017CEEF /* CartItemSectionFooter.swift */; };
		8482B86B1B490F930017CEEF /* DeliveryAddressesViewController.swift in Sources */ = {isa = PBXBuildFile; fileRef = 8482B86A1B490F930017CEEF /* DeliveryAddressesViewController.swift */; };
		8482B86E1B4926CC0017CEEF /* DeliveryAddressCell.swift in Sources */ = {isa = PBXBuildFile; fileRef = 8482B86D1B4926CC0017CEEF /* DeliveryAddressCell.swift */; };
		8482B8701B493B1F0017CEEF /* DeliveryAddressesDetailsViewController.swift in Sources */ = {isa = PBXBuildFile; fileRef = 8482B86F1B493B1F0017CEEF /* DeliveryAddressesDetailsViewController.swift */; };
		8482B8741B4E62A60017CEEF /* PaymentMethodsViewController.swift in Sources */ = {isa = PBXBuildFile; fileRef = 8482B8731B4E62A60017CEEF /* PaymentMethodsViewController.swift */; };
		8482B8761B4E65870017CEEF /* PaymentMethodsDetailsViewController.swift in Sources */ = {isa = PBXBuildFile; fileRef = 8482B8751B4E65870017CEEF /* PaymentMethodsDetailsViewController.swift */; };
		8486D4161B04774800ED31BA /* SprubixPiece.swift in Sources */ = {isa = PBXBuildFile; fileRef = 8486D4151B04774800ED31BA /* SprubixPiece.swift */; };
		8488717A1B32996E001D60A1 /* SpruceSearchResultsViewController.swift in Sources */ = {isa = PBXBuildFile; fileRef = 848871791B32996E001D60A1 /* SpruceSearchResultsViewController.swift */; };
		8488717C1B32D163001D60A1 /* BrowseFeedController.swift in Sources */ = {isa = PBXBuildFile; fileRef = 8488717B1B32D163001D60A1 /* BrowseFeedController.swift */; };
		8488717F1B369CBA001D60A1 /* InventoryCell.swift in Sources */ = {isa = PBXBuildFile; fileRef = 8488717E1B369CBA001D60A1 /* InventoryCell.swift */; };
		848871821B36A140001D60A1 /* InventoryViewController.swift in Sources */ = {isa = PBXBuildFile; fileRef = 848871811B36A140001D60A1 /* InventoryViewController.swift */; };
		84ACA11E1AE78F250084D4CF /* SprubixCameraViewController.swift in Sources */ = {isa = PBXBuildFile; fileRef = 84ACA11D1AE78F250084D4CF /* SprubixCameraViewController.swift */; };
		84ACA1211AE790020084D4CF /* SprubixCamera.swift in Sources */ = {isa = PBXBuildFile; fileRef = 84ACA1201AE790020084D4CF /* SprubixCamera.swift */; };
		84ACA1231AE7B5C80084D4CF /* EditSnapshotViewController.swift in Sources */ = {isa = PBXBuildFile; fileRef = 84ACA1221AE7B5C80084D4CF /* EditSnapshotViewController.swift */; };
		84B334E51AAB00DD00B9707D /* SidePanelViewController.swift in Sources */ = {isa = PBXBuildFile; fileRef = 84B334E41AAB00DD00B9707D /* SidePanelViewController.swift */; };
		84B334E81AAB0C7D00B9707D /* SidePanelOption.swift in Sources */ = {isa = PBXBuildFile; fileRef = 84B334E71AAB0C7D00B9707D /* SidePanelOption.swift */; };
		84B334EA1AAB0CC900B9707D /* SidePanelCell.swift in Sources */ = {isa = PBXBuildFile; fileRef = 84B334E91AAB0CC900B9707D /* SidePanelCell.swift */; };
		84B334EC1AAB1F9B00B9707D /* ContainerViewController.swift in Sources */ = {isa = PBXBuildFile; fileRef = 84B334EB1AAB1F9B00B9707D /* ContainerViewController.swift */; };
		84B334F41AAC99F300B9707D /* icon-placeholder.png in Resources */ = {isa = PBXBuildFile; fileRef = 84B334F31AAC99F300B9707D /* icon-placeholder.png */; };
		84B335281AADE1F600B9707D /* UserProfileViewController.swift in Sources */ = {isa = PBXBuildFile; fileRef = 84B335271AADE1F600B9707D /* UserProfileViewController.swift */; };
		84B3352A1AAEBF8300B9707D /* ProfileOutfitCell.swift in Sources */ = {isa = PBXBuildFile; fileRef = 84B335291AAEBF8300B9707D /* ProfileOutfitCell.swift */; };
		84B3352C1AAEE2EB00B9707D /* UserProfileHeader.swift in Sources */ = {isa = PBXBuildFile; fileRef = 84B3352B1AAEE2EB00B9707D /* UserProfileHeader.swift */; };
		84B3352E1AAEEA1000B9707D /* UserProfileFooter.swift in Sources */ = {isa = PBXBuildFile; fileRef = 84B3352D1AAEEA1000B9707D /* UserProfileFooter.swift */; };
		84B335321AAF095900B9707D /* SprubixStretchyHeader.swift in Sources */ = {isa = PBXBuildFile; fileRef = 84B335311AAF095900B9707D /* SprubixStretchyHeader.swift */; };
		84B335361AB1ADBD00B9707D /* ProfilePieceCell.swift in Sources */ = {isa = PBXBuildFile; fileRef = 84B335351AB1ADBD00B9707D /* ProfilePieceCell.swift */; };
		84B3353E1AB2BA2000B9707D /* TransitionProtocol.swift in Sources */ = {isa = PBXBuildFile; fileRef = 84B3353D1AB2BA2000B9707D /* TransitionProtocol.swift */; };
		84B335401AB2BB9E00B9707D /* Transition.swift in Sources */ = {isa = PBXBuildFile; fileRef = 84B3353F1AB2BB9E00B9707D /* Transition.swift */; };
		84B335421AB2BC1400B9707D /* Macro.swift in Sources */ = {isa = PBXBuildFile; fileRef = 84B335411AB2BC1400B9707D /* Macro.swift */; };
		84B335441AB2BD0700B9707D /* Extension.swift in Sources */ = {isa = PBXBuildFile; fileRef = 84B335431AB2BD0700B9707D /* Extension.swift */; };
		84B335461AB2DA6F00B9707D /* OutfitDetailsViewController.swift in Sources */ = {isa = PBXBuildFile; fileRef = 84B335451AB2DA6F00B9707D /* OutfitDetailsViewController.swift */; };
		84B3354A1AB4035A00B9707D /* OutfitDetailsCell.swift in Sources */ = {isa = PBXBuildFile; fileRef = 84B335491AB4035A00B9707D /* OutfitDetailsCell.swift */; };
		84B3354C1AB449F500B9707D /* PieceDetailsViewController.swift in Sources */ = {isa = PBXBuildFile; fileRef = 84B3354B1AB449F500B9707D /* PieceDetailsViewController.swift */; };
		84B3354E1AB4520C00B9707D /* PieceDetailsCell.swift in Sources */ = {isa = PBXBuildFile; fileRef = 84B3354D1AB4520C00B9707D /* PieceDetailsCell.swift */; };
		84C6648E1B3AB80600E18FF7 /* DeliveryOptionsViewController.swift in Sources */ = {isa = PBXBuildFile; fileRef = 84C6648D1B3AB80600E18FF7 /* DeliveryOptionsViewController.swift */; };
		84C664901B3AD7EB00E18FF7 /* DeliveryOptionCell.swift in Sources */ = {isa = PBXBuildFile; fileRef = 84C6648F1B3AD7EB00E18FF7 /* DeliveryOptionCell.swift */; };
		84C664921B3AEA5400E18FF7 /* DeliveryOptionsDetailsViewController.swift in Sources */ = {isa = PBXBuildFile; fileRef = 84C664911B3AEA5400E18FF7 /* DeliveryOptionsDetailsViewController.swift */; };
		84C664941B40F74500E18FF7 /* SnapshotDetailsSizeController.swift in Sources */ = {isa = PBXBuildFile; fileRef = 84C664931B40F74500E18FF7 /* SnapshotDetailsSizeController.swift */; };
		84C664961B4290AC00E18FF7 /* CartViewController.swift in Sources */ = {isa = PBXBuildFile; fileRef = 84C664951B4290AC00E18FF7 /* CartViewController.swift */; };
		84C664981B4290D400E18FF7 /* CartItemCell.swift in Sources */ = {isa = PBXBuildFile; fileRef = 84C664971B4290D400E18FF7 /* CartItemCell.swift */; };
		84C9AC3E1AA06041009ADF5C /* SignInViewController.swift in Sources */ = {isa = PBXBuildFile; fileRef = 84C9AC3D1AA06041009ADF5C /* SignInViewController.swift */; };
		84D697271AC7E05800C676FD /* SpruceShareViewController.swift in Sources */ = {isa = PBXBuildFile; fileRef = 84D697261AC7E05800C676FD /* SpruceShareViewController.swift */; };
		84D697291AC922DA00C676FD /* logo-final-square.png in Resources */ = {isa = PBXBuildFile; fileRef = 84D697281AC922DA00C676FD /* logo-final-square.png */; };
		84EAB5281B4568520064F888 /* CreateOutfitViewController.swift in Sources */ = {isa = PBXBuildFile; fileRef = 84EAB5271B4568520064F888 /* CreateOutfitViewController.swift */; };
		84EBF05C1B306176008D2306 /* SpruceSearchViewController.swift in Sources */ = {isa = PBXBuildFile; fileRef = 84EBF05B1B306176008D2306 /* SpruceSearchViewController.swift */; };
		84EBF05E1B30619B008D2306 /* MyClosetViewController.swift in Sources */ = {isa = PBXBuildFile; fileRef = 84EBF05D1B30619B008D2306 /* MyClosetViewController.swift */; };
		84FDB9601B1595FA00E8D720 /* NotificationCell.swift in Sources */ = {isa = PBXBuildFile; fileRef = 84FDB95F1B1595FA00E8D720 /* NotificationCell.swift */; };
		84FDB9631B15A63700E8D720 /* NotificationViewController.swift in Sources */ = {isa = PBXBuildFile; fileRef = 84FDB9621B15A63700E8D720 /* NotificationViewController.swift */; };
/* End PBXBuildFile section */

/* Begin PBXContainerItemProxy section */
		845048C71A9ECC81008BDBAA /* PBXContainerItemProxy */ = {
			isa = PBXContainerItemProxy;
			containerPortal = 845048A61A9ECC81008BDBAA /* Project object */;
			proxyType = 1;
			remoteGlobalIDString = 845048AD1A9ECC81008BDBAA;
			remoteInfo = Sprubix;
		};
/* End PBXContainerItemProxy section */

/* Begin PBXFileReference section */
		05044E2F1B91803E00A50F3F /* SearchUserCell.swift */ = {isa = PBXFileReference; fileEncoding = 4; lastKnownFileType = sourcecode.swift; path = SearchUserCell.swift; sourceTree = "<group>"; };
		052925CE1B578CE400B939F8 /* EditPasswordViewController.swift */ = {isa = PBXFileReference; fileEncoding = 4; lastKnownFileType = sourcecode.swift; path = EditPasswordViewController.swift; sourceTree = "<group>"; };
		0544BAAA1B8F147D00B058A8 /* TermsOfServiceViewController.swift */ = {isa = PBXFileReference; fileEncoding = 4; lastKnownFileType = sourcecode.swift; path = TermsOfServiceViewController.swift; sourceTree = "<group>"; };
		0544BAAC1B8F148F00B058A8 /* PrivacyPolicyViewController.swift */ = {isa = PBXFileReference; fileEncoding = 4; lastKnownFileType = sourcecode.swift; path = PrivacyPolicyViewController.swift; sourceTree = "<group>"; };
		058609E31B76221B009AAA93 /* DashboardItemCell.swift */ = {isa = PBXFileReference; fileEncoding = 4; lastKnownFileType = sourcecode.swift; path = DashboardItemCell.swift; sourceTree = "<group>"; };
		059E98921B563B85007A5A42 /* EditProfileViewController.swift */ = {isa = PBXFileReference; fileEncoding = 4; lastKnownFileType = sourcecode.swift; path = EditProfileViewController.swift; sourceTree = "<group>"; };
		05BE68861B75C0410098FDCF /* DashboardViewController.swift */ = {isa = PBXFileReference; fileEncoding = 4; lastKnownFileType = sourcecode.swift; path = DashboardViewController.swift; sourceTree = "<group>"; };
		05BE68881B75D5690098FDCF /* DashboardOverlay.swift */ = {isa = PBXFileReference; fileEncoding = 4; lastKnownFileType = sourcecode.swift; path = DashboardOverlay.swift; sourceTree = "<group>"; };
		05F7EDDF1B58EA0F00CB2665 /* HelpCenterViewController.swift */ = {isa = PBXFileReference; fileEncoding = 4; lastKnownFileType = sourcecode.swift; path = HelpCenterViewController.swift; sourceTree = "<group>"; };
		05F7EDE11B593EA200CB2665 /* ProvideFeedbackViewController.swift */ = {isa = PBXFileReference; fileEncoding = 4; lastKnownFileType = sourcecode.swift; path = ProvideFeedbackViewController.swift; sourceTree = "<group>"; };
		1A23433EF8FCD1F1CE7226A6 /* Pods_Sprubix.framework */ = {isa = PBXFileReference; explicitFileType = wrapper.framework; includeInIndex = 0; path = Pods_Sprubix.framework; sourceTree = BUILT_PRODUCTS_DIR; };
		3CCB3E13BD90F2A4CB30E528 /* Pods-Sprubix.debug.xcconfig */ = {isa = PBXFileReference; includeInIndex = 1; lastKnownFileType = text.xcconfig; name = "Pods-Sprubix.debug.xcconfig"; path = "Pods/Target Support Files/Pods-Sprubix/Pods-Sprubix.debug.xcconfig"; sourceTree = "<group>"; };
		8405D02E1B4E8E7A00B42752 /* CheckoutViewController.swift */ = {isa = PBXFileReference; fileEncoding = 4; lastKnownFileType = sourcecode.swift; path = CheckoutViewController.swift; sourceTree = "<group>"; };
		8405D0301B4FD3A400B42752 /* PaymentMethodCell.swift */ = {isa = PBXFileReference; fileEncoding = 4; lastKnownFileType = sourcecode.swift; path = PaymentMethodCell.swift; sourceTree = "<group>"; };
		8405D0321B511F8400B42752 /* CheckoutItemCell.swift */ = {isa = PBXFileReference; fileEncoding = 4; lastKnownFileType = sourcecode.swift; path = CheckoutItemCell.swift; sourceTree = "<group>"; };
		8405D0341B512B7400B42752 /* CheckoutDeliveryPaymentCell.swift */ = {isa = PBXFileReference; fileEncoding = 4; lastKnownFileType = sourcecode.swift; path = CheckoutDeliveryPaymentCell.swift; sourceTree = "<group>"; };
		8405D03B1B525F5B00B42752 /* CheckoutOrderViewController.swift */ = {isa = PBXFileReference; fileEncoding = 4; lastKnownFileType = sourcecode.swift; path = CheckoutOrderViewController.swift; sourceTree = "<group>"; };
		8405D03D1B526A0E00B42752 /* OrdersViewController.swift */ = {isa = PBXFileReference; fileEncoding = 4; lastKnownFileType = sourcecode.swift; path = OrdersViewController.swift; sourceTree = "<group>"; };
		8405D0411B54D87D00B42752 /* Shop.storyboard */ = {isa = PBXFileReference; fileEncoding = 4; lastKnownFileType = file.storyboard; path = Shop.storyboard; sourceTree = "<group>"; };
		8405D0431B54DA3900B42752 /* Menu.storyboard */ = {isa = PBXFileReference; fileEncoding = 4; lastKnownFileType = file.storyboard; path = Menu.storyboard; sourceTree = "<group>"; };
		8405D0451B54DB8700B42752 /* Settings.storyboard */ = {isa = PBXFileReference; fileEncoding = 4; lastKnownFileType = file.storyboard; path = Settings.storyboard; sourceTree = "<group>"; };
		8405D0481B54DC8900B42752 /* Auth.storyboard */ = {isa = PBXFileReference; fileEncoding = 4; lastKnownFileType = file.storyboard; path = Auth.storyboard; sourceTree = "<group>"; };
		8405D04A1B552C5E00B42752 /* CheckoutPointsViewController.swift */ = {isa = PBXFileReference; fileEncoding = 4; lastKnownFileType = sourcecode.swift; path = CheckoutPointsViewController.swift; sourceTree = "<group>"; };
		8405D04C1B552CAB00B42752 /* CheckoutPointsSectionHeader.swift */ = {isa = PBXFileReference; fileEncoding = 4; lastKnownFileType = sourcecode.swift; path = CheckoutPointsSectionHeader.swift; sourceTree = "<group>"; };
		8405D04E1B552CD300B42752 /* CheckoutPointsSectionFooter.swift */ = {isa = PBXFileReference; fileEncoding = 4; lastKnownFileType = sourcecode.swift; path = CheckoutPointsSectionFooter.swift; sourceTree = "<group>"; };
		8405D0501B55481D00B42752 /* CheckoutPointsItemCell.swift */ = {isa = PBXFileReference; fileEncoding = 4; lastKnownFileType = sourcecode.swift; path = CheckoutPointsItemCell.swift; sourceTree = "<group>"; };
		8405D0521B5A615D00B42752 /* OrderCell.swift */ = {isa = PBXFileReference; fileEncoding = 4; lastKnownFileType = sourcecode.swift; path = OrderCell.swift; sourceTree = "<group>"; };
		8405D0541B5B539000B42752 /* ShopOrdersViewController.swift */ = {isa = PBXFileReference; fileEncoding = 4; lastKnownFileType = sourcecode.swift; path = ShopOrdersViewController.swift; sourceTree = "<group>"; };
		8405D0561B5B60BC00B42752 /* ShopOrderDetailsViewController.swift */ = {isa = PBXFileReference; fileEncoding = 4; lastKnownFileType = sourcecode.swift; path = ShopOrderDetailsViewController.swift; sourceTree = "<group>"; };
		8405D05C1B5CB7E700B42752 /* OrderDetailsUserCell.swift */ = {isa = PBXFileReference; fileEncoding = 4; lastKnownFileType = sourcecode.swift; path = OrderDetailsUserCell.swift; sourceTree = "<group>"; };
		8405D05E1B5CB83500B42752 /* OrderDetailsContactCell.swift */ = {isa = PBXFileReference; fileEncoding = 4; lastKnownFileType = sourcecode.swift; path = OrderDetailsContactCell.swift; sourceTree = "<group>"; };
		8405D0601B5CC7A700B42752 /* OrderDetailsStatusCell.swift */ = {isa = PBXFileReference; fileEncoding = 4; lastKnownFileType = sourcecode.swift; path = OrderDetailsStatusCell.swift; sourceTree = "<group>"; };
		8405D0621B5E607500B42752 /* CustomerDetailsViewController.swift */ = {isa = PBXFileReference; fileEncoding = 4; lastKnownFileType = sourcecode.swift; path = CustomerDetailsViewController.swift; sourceTree = "<group>"; };
		8405D0641B5F709000B42752 /* CustomerDetailsRecentOrdersCell.swift */ = {isa = PBXFileReference; fileEncoding = 4; lastKnownFileType = sourcecode.swift; path = CustomerDetailsRecentOrdersCell.swift; sourceTree = "<group>"; };
		8405D0661B5F8B6000B42752 /* PeopleFeedViewController.swift */ = {isa = PBXFileReference; fileEncoding = 4; lastKnownFileType = sourcecode.swift; path = PeopleFeedViewController.swift; sourceTree = "<group>"; };
		840950DE1B7C9BD70094BE76 /* RefundCell.swift */ = {isa = PBXFileReference; fileEncoding = 4; lastKnownFileType = sourcecode.swift; path = RefundCell.swift; sourceTree = "<group>"; };
		843B81A01AFCB71900FA2DD2 /* SnapshotShareController.swift */ = {isa = PBXFileReference; fileEncoding = 4; lastKnownFileType = sourcecode.swift; path = SnapshotShareController.swift; sourceTree = "<group>"; };
		843B81A21AFDF22200FA2DD2 /* SnapshotDetailsController.swift */ = {isa = PBXFileReference; fileEncoding = 4; lastKnownFileType = sourcecode.swift; path = SnapshotDetailsController.swift; sourceTree = "<group>"; };
		84470D891AECC41B007E9A93 /* MainFeedController.swift */ = {isa = PBXFileReference; fileEncoding = 4; lastKnownFileType = sourcecode.swift; path = MainFeedController.swift; sourceTree = "<group>"; };
		84470D8B1AED1847007E9A93 /* MainFeedCell.swift */ = {isa = PBXFileReference; fileEncoding = 4; lastKnownFileType = sourcecode.swift; path = MainFeedCell.swift; sourceTree = "<group>"; };
		845048AE1A9ECC81008BDBAA /* Sprubix.app */ = {isa = PBXFileReference; explicitFileType = wrapper.application; includeInIndex = 0; path = Sprubix.app; sourceTree = BUILT_PRODUCTS_DIR; };
		845048B21A9ECC81008BDBAA /* Info.plist */ = {isa = PBXFileReference; lastKnownFileType = text.plist.xml; path = Info.plist; sourceTree = "<group>"; };
		845048B31A9ECC81008BDBAA /* AppDelegate.swift */ = {isa = PBXFileReference; lastKnownFileType = sourcecode.swift; path = AppDelegate.swift; sourceTree = "<group>"; };
		845048B61A9ECC81008BDBAA /* Sprubix.xcdatamodel */ = {isa = PBXFileReference; lastKnownFileType = wrapper.xcdatamodel; path = Sprubix.xcdatamodel; sourceTree = "<group>"; };
		845048B81A9ECC81008BDBAA /* SignUpViewController.swift */ = {isa = PBXFileReference; lastKnownFileType = sourcecode.swift; path = SignUpViewController.swift; sourceTree = "<group>"; };
		845048BB1A9ECC81008BDBAA /* Base */ = {isa = PBXFileReference; lastKnownFileType = file.storyboard; name = Base; path = Base.lproj/Main.storyboard; sourceTree = "<group>"; };
		845048BD1A9ECC81008BDBAA /* Images.xcassets */ = {isa = PBXFileReference; lastKnownFileType = folder.assetcatalog; path = Images.xcassets; sourceTree = "<group>"; };
		845048C01A9ECC81008BDBAA /* Base */ = {isa = PBXFileReference; lastKnownFileType = file.xib; name = Base; path = Base.lproj/LaunchScreen.xib; sourceTree = "<group>"; };
		845048C61A9ECC81008BDBAA /* SprubixTests.xctest */ = {isa = PBXFileReference; explicitFileType = wrapper.cfbundle; includeInIndex = 0; path = SprubixTests.xctest; sourceTree = BUILT_PRODUCTS_DIR; };
		845048CB1A9ECC81008BDBAA /* Info.plist */ = {isa = PBXFileReference; lastKnownFileType = text.plist.xml; path = Info.plist; sourceTree = "<group>"; };
		845048CC1A9ECC81008BDBAA /* SprubixTests.swift */ = {isa = PBXFileReference; lastKnownFileType = sourcecode.swift; path = SprubixTests.swift; sourceTree = "<group>"; };
		845048D61A9ECFE2008BDBAA /* Sprubix-Bridging-Header.h */ = {isa = PBXFileReference; lastKnownFileType = sourcecode.c.h; path = "Sprubix-Bridging-Header.h"; sourceTree = SOURCE_ROOT; };
		845834BA1B6B2EB0007C6F6B /* EditProfileCropPhotoViewController.swift */ = {isa = PBXFileReference; fileEncoding = 4; lastKnownFileType = sourcecode.swift; path = EditProfileCropPhotoViewController.swift; sourceTree = "<group>"; };
		845834BE1B6CC834007C6F6B /* EditProfileSnapPhotoViewController.swift */ = {isa = PBXFileReference; fileEncoding = 4; lastKnownFileType = sourcecode.swift; path = EditProfileSnapPhotoViewController.swift; sourceTree = "<group>"; };
		845834C01B6F5994007C6F6B /* PeopleFeedCell.swift */ = {isa = PBXFileReference; fileEncoding = 4; lastKnownFileType = sourcecode.swift; path = PeopleFeedCell.swift; sourceTree = "<group>"; };
		845834C21B6F94CD007C6F6B /* SearchViewController.swift */ = {isa = PBXFileReference; fileEncoding = 4; lastKnownFileType = sourcecode.swift; path = SearchViewController.swift; sourceTree = "<group>"; };
		845834C61B73B8A5007C6F6B /* ShopOrderRefundsViewController.swift */ = {isa = PBXFileReference; fileEncoding = 4; lastKnownFileType = sourcecode.swift; path = ShopOrderRefundsViewController.swift; sourceTree = "<group>"; };
		845834C81B7486E4007C6F6B /* ShopOrderRefundDetailsViewController.swift */ = {isa = PBXFileReference; fileEncoding = 4; lastKnownFileType = sourcecode.swift; path = ShopOrderRefundDetailsViewController.swift; sourceTree = "<group>"; };
		845834CB1B749327007C6F6B /* OrderDetailsRefundCell.swift */ = {isa = PBXFileReference; fileEncoding = 4; lastKnownFileType = sourcecode.swift; path = OrderDetailsRefundCell.swift; sourceTree = "<group>"; };
		845834CE1B74A2AE007C6F6B /* RefundDetailsItemCell.swift */ = {isa = PBXFileReference; fileEncoding = 4; lastKnownFileType = sourcecode.swift; path = RefundDetailsItemCell.swift; sourceTree = "<group>"; };
		845834D01B74ABE6007C6F6B /* RefundDetailsFooterCell.swift */ = {isa = PBXFileReference; fileEncoding = 4; lastKnownFileType = sourcecode.swift; path = RefundDetailsFooterCell.swift; sourceTree = "<group>"; };
		845834D21B7661D7007C6F6B /* UserFollowListViewController.swift */ = {isa = PBXFileReference; fileEncoding = 4; lastKnownFileType = sourcecode.swift; path = UserFollowListViewController.swift; sourceTree = "<group>"; };
		845834D41B766B29007C6F6B /* UserFollowListCell.swift */ = {isa = PBXFileReference; fileEncoding = 4; lastKnownFileType = sourcecode.swift; path = UserFollowListCell.swift; sourceTree = "<group>"; };
		845834D61B766CA1007C6F6B /* UserFollowListUNCell.swift */ = {isa = PBXFileReference; fileEncoding = 4; lastKnownFileType = sourcecode.swift; path = UserFollowListUNCell.swift; sourceTree = "<group>"; };
		845834D81B7B42F1007C6F6B /* RefundDetailsStatusCell.swift */ = {isa = PBXFileReference; fileEncoding = 4; lastKnownFileType = sourcecode.swift; path = RefundDetailsStatusCell.swift; sourceTree = "<group>"; };
		846027A21B18B17B00A28C78 /* CommentsViewController.swift */ = {isa = PBXFileReference; fileEncoding = 4; lastKnownFileType = sourcecode.swift; path = CommentsViewController.swift; sourceTree = "<group>"; };
		846027A41B18B71900A28C78 /* CommentCell.swift */ = {isa = PBXFileReference; fileEncoding = 4; lastKnownFileType = sourcecode.swift; path = CommentCell.swift; sourceTree = "<group>"; };
		846C97921ABAB11F0050D0BC /* Subclasses.swift */ = {isa = PBXFileReference; fileEncoding = 4; lastKnownFileType = sourcecode.swift; path = Subclasses.swift; sourceTree = "<group>"; };
		846C97981ABD545A0050D0BC /* SpruceViewController.swift */ = {isa = PBXFileReference; fileEncoding = 4; lastKnownFileType = sourcecode.swift; path = SpruceViewController.swift; sourceTree = "<group>"; };
		846C979C1ABD68A80050D0BC /* SprucePieceFeedController.swift */ = {isa = PBXFileReference; fileEncoding = 4; lastKnownFileType = sourcecode.swift; path = SprucePieceFeedController.swift; sourceTree = "<group>"; };
		846C979F1ABDA6F00050D0BC /* SprucePieceFeedCell.swift */ = {isa = PBXFileReference; fileEncoding = 4; lastKnownFileType = sourcecode.swift; path = SprucePieceFeedCell.swift; sourceTree = "<group>"; };
		8475ECFA1B24055D0000111A /* FavoritesViewController.swift */ = {isa = PBXFileReference; fileEncoding = 4; lastKnownFileType = sourcecode.swift; path = FavoritesViewController.swift; sourceTree = "<group>"; };
		8475ECFC1B25D4F80000111A /* SettingsViewController.swift */ = {isa = PBXFileReference; fileEncoding = 4; lastKnownFileType = sourcecode.swift; path = SettingsViewController.swift; sourceTree = "<group>"; };
		8482B8651B476A280017CEEF /* CartItemSectionHeader.swift */ = {isa = PBXFileReference; fileEncoding = 4; lastKnownFileType = sourcecode.swift; path = CartItemSectionHeader.swift; sourceTree = "<group>"; };
		8482B8671B47B3FF0017CEEF /* CartItemSectionFooter.swift */ = {isa = PBXFileReference; fileEncoding = 4; lastKnownFileType = sourcecode.swift; path = CartItemSectionFooter.swift; sourceTree = "<group>"; };
		8482B86A1B490F930017CEEF /* DeliveryAddressesViewController.swift */ = {isa = PBXFileReference; fileEncoding = 4; lastKnownFileType = sourcecode.swift; path = DeliveryAddressesViewController.swift; sourceTree = "<group>"; };
		8482B86D1B4926CC0017CEEF /* DeliveryAddressCell.swift */ = {isa = PBXFileReference; fileEncoding = 4; lastKnownFileType = sourcecode.swift; path = DeliveryAddressCell.swift; sourceTree = "<group>"; };
		8482B86F1B493B1F0017CEEF /* DeliveryAddressesDetailsViewController.swift */ = {isa = PBXFileReference; fileEncoding = 4; lastKnownFileType = sourcecode.swift; path = DeliveryAddressesDetailsViewController.swift; sourceTree = "<group>"; };
		8482B8731B4E62A60017CEEF /* PaymentMethodsViewController.swift */ = {isa = PBXFileReference; fileEncoding = 4; lastKnownFileType = sourcecode.swift; path = PaymentMethodsViewController.swift; sourceTree = "<group>"; };
		8482B8751B4E65870017CEEF /* PaymentMethodsDetailsViewController.swift */ = {isa = PBXFileReference; fileEncoding = 4; lastKnownFileType = sourcecode.swift; path = PaymentMethodsDetailsViewController.swift; sourceTree = "<group>"; };
		8486D4151B04774800ED31BA /* SprubixPiece.swift */ = {isa = PBXFileReference; fileEncoding = 4; lastKnownFileType = sourcecode.swift; path = SprubixPiece.swift; sourceTree = "<group>"; };
		848871791B32996E001D60A1 /* SpruceSearchResultsViewController.swift */ = {isa = PBXFileReference; fileEncoding = 4; lastKnownFileType = sourcecode.swift; path = SpruceSearchResultsViewController.swift; sourceTree = "<group>"; };
		8488717B1B32D163001D60A1 /* BrowseFeedController.swift */ = {isa = PBXFileReference; fileEncoding = 4; lastKnownFileType = sourcecode.swift; path = BrowseFeedController.swift; sourceTree = "<group>"; };
		8488717E1B369CBA001D60A1 /* InventoryCell.swift */ = {isa = PBXFileReference; fileEncoding = 4; lastKnownFileType = sourcecode.swift; path = InventoryCell.swift; sourceTree = "<group>"; };
		848871811B36A140001D60A1 /* InventoryViewController.swift */ = {isa = PBXFileReference; fileEncoding = 4; lastKnownFileType = sourcecode.swift; path = InventoryViewController.swift; sourceTree = "<group>"; };
		84ACA11D1AE78F250084D4CF /* SprubixCameraViewController.swift */ = {isa = PBXFileReference; fileEncoding = 4; lastKnownFileType = sourcecode.swift; path = SprubixCameraViewController.swift; sourceTree = "<group>"; };
		84ACA1201AE790020084D4CF /* SprubixCamera.swift */ = {isa = PBXFileReference; fileEncoding = 4; lastKnownFileType = sourcecode.swift; path = SprubixCamera.swift; sourceTree = "<group>"; };
		84ACA1221AE7B5C80084D4CF /* EditSnapshotViewController.swift */ = {isa = PBXFileReference; fileEncoding = 4; lastKnownFileType = sourcecode.swift; path = EditSnapshotViewController.swift; sourceTree = "<group>"; };
		84B334E41AAB00DD00B9707D /* SidePanelViewController.swift */ = {isa = PBXFileReference; fileEncoding = 4; lastKnownFileType = sourcecode.swift; path = SidePanelViewController.swift; sourceTree = "<group>"; };
		84B334E71AAB0C7D00B9707D /* SidePanelOption.swift */ = {isa = PBXFileReference; fileEncoding = 4; lastKnownFileType = sourcecode.swift; path = SidePanelOption.swift; sourceTree = "<group>"; };
		84B334E91AAB0CC900B9707D /* SidePanelCell.swift */ = {isa = PBXFileReference; fileEncoding = 4; lastKnownFileType = sourcecode.swift; path = SidePanelCell.swift; sourceTree = "<group>"; };
		84B334EB1AAB1F9B00B9707D /* ContainerViewController.swift */ = {isa = PBXFileReference; fileEncoding = 4; lastKnownFileType = sourcecode.swift; path = ContainerViewController.swift; sourceTree = "<group>"; };
		84B334F31AAC99F300B9707D /* icon-placeholder.png */ = {isa = PBXFileReference; lastKnownFileType = image.png; path = "icon-placeholder.png"; sourceTree = "<group>"; };
		84B335271AADE1F600B9707D /* UserProfileViewController.swift */ = {isa = PBXFileReference; fileEncoding = 4; lastKnownFileType = sourcecode.swift; path = UserProfileViewController.swift; sourceTree = "<group>"; };
		84B335291AAEBF8300B9707D /* ProfileOutfitCell.swift */ = {isa = PBXFileReference; fileEncoding = 4; lastKnownFileType = sourcecode.swift; path = ProfileOutfitCell.swift; sourceTree = "<group>"; };
		84B3352B1AAEE2EB00B9707D /* UserProfileHeader.swift */ = {isa = PBXFileReference; fileEncoding = 4; lastKnownFileType = sourcecode.swift; path = UserProfileHeader.swift; sourceTree = "<group>"; };
		84B3352D1AAEEA1000B9707D /* UserProfileFooter.swift */ = {isa = PBXFileReference; fileEncoding = 4; lastKnownFileType = sourcecode.swift; path = UserProfileFooter.swift; sourceTree = "<group>"; };
		84B335311AAF095900B9707D /* SprubixStretchyHeader.swift */ = {isa = PBXFileReference; fileEncoding = 4; lastKnownFileType = sourcecode.swift; path = SprubixStretchyHeader.swift; sourceTree = "<group>"; };
		84B335351AB1ADBD00B9707D /* ProfilePieceCell.swift */ = {isa = PBXFileReference; fileEncoding = 4; lastKnownFileType = sourcecode.swift; path = ProfilePieceCell.swift; sourceTree = "<group>"; };
		84B3353D1AB2BA2000B9707D /* TransitionProtocol.swift */ = {isa = PBXFileReference; fileEncoding = 4; lastKnownFileType = sourcecode.swift; path = TransitionProtocol.swift; sourceTree = "<group>"; };
		84B3353F1AB2BB9E00B9707D /* Transition.swift */ = {isa = PBXFileReference; fileEncoding = 4; lastKnownFileType = sourcecode.swift; path = Transition.swift; sourceTree = "<group>"; };
		84B335411AB2BC1400B9707D /* Macro.swift */ = {isa = PBXFileReference; fileEncoding = 4; lastKnownFileType = sourcecode.swift; path = Macro.swift; sourceTree = "<group>"; };
		84B335431AB2BD0700B9707D /* Extension.swift */ = {isa = PBXFileReference; fileEncoding = 4; lastKnownFileType = sourcecode.swift; path = Extension.swift; sourceTree = "<group>"; };
		84B335451AB2DA6F00B9707D /* OutfitDetailsViewController.swift */ = {isa = PBXFileReference; fileEncoding = 4; lastKnownFileType = sourcecode.swift; path = OutfitDetailsViewController.swift; sourceTree = "<group>"; };
		84B335491AB4035A00B9707D /* OutfitDetailsCell.swift */ = {isa = PBXFileReference; fileEncoding = 4; lastKnownFileType = sourcecode.swift; path = OutfitDetailsCell.swift; sourceTree = "<group>"; };
		84B3354B1AB449F500B9707D /* PieceDetailsViewController.swift */ = {isa = PBXFileReference; fileEncoding = 4; lastKnownFileType = sourcecode.swift; path = PieceDetailsViewController.swift; sourceTree = "<group>"; };
		84B3354D1AB4520C00B9707D /* PieceDetailsCell.swift */ = {isa = PBXFileReference; fileEncoding = 4; lastKnownFileType = sourcecode.swift; path = PieceDetailsCell.swift; sourceTree = "<group>"; };
		84C6648D1B3AB80600E18FF7 /* DeliveryOptionsViewController.swift */ = {isa = PBXFileReference; fileEncoding = 4; lastKnownFileType = sourcecode.swift; path = DeliveryOptionsViewController.swift; sourceTree = "<group>"; };
		84C6648F1B3AD7EB00E18FF7 /* DeliveryOptionCell.swift */ = {isa = PBXFileReference; fileEncoding = 4; lastKnownFileType = sourcecode.swift; path = DeliveryOptionCell.swift; sourceTree = "<group>"; };
		84C664911B3AEA5400E18FF7 /* DeliveryOptionsDetailsViewController.swift */ = {isa = PBXFileReference; fileEncoding = 4; lastKnownFileType = sourcecode.swift; path = DeliveryOptionsDetailsViewController.swift; sourceTree = "<group>"; };
		84C664931B40F74500E18FF7 /* SnapshotDetailsSizeController.swift */ = {isa = PBXFileReference; fileEncoding = 4; lastKnownFileType = sourcecode.swift; path = SnapshotDetailsSizeController.swift; sourceTree = "<group>"; };
		84C664951B4290AC00E18FF7 /* CartViewController.swift */ = {isa = PBXFileReference; fileEncoding = 4; lastKnownFileType = sourcecode.swift; path = CartViewController.swift; sourceTree = "<group>"; };
		84C664971B4290D400E18FF7 /* CartItemCell.swift */ = {isa = PBXFileReference; fileEncoding = 4; lastKnownFileType = sourcecode.swift; path = CartItemCell.swift; sourceTree = "<group>"; };
		84C9AC3D1AA06041009ADF5C /* SignInViewController.swift */ = {isa = PBXFileReference; fileEncoding = 4; lastKnownFileType = sourcecode.swift; path = SignInViewController.swift; sourceTree = "<group>"; };
		84D697261AC7E05800C676FD /* SpruceShareViewController.swift */ = {isa = PBXFileReference; fileEncoding = 4; lastKnownFileType = sourcecode.swift; path = SpruceShareViewController.swift; sourceTree = "<group>"; };
		84D697281AC922DA00C676FD /* logo-final-square.png */ = {isa = PBXFileReference; lastKnownFileType = image.png; path = "logo-final-square.png"; sourceTree = "<group>"; };
		84EAB5271B4568520064F888 /* CreateOutfitViewController.swift */ = {isa = PBXFileReference; fileEncoding = 4; lastKnownFileType = sourcecode.swift; path = CreateOutfitViewController.swift; sourceTree = "<group>"; };
		84EBF05B1B306176008D2306 /* SpruceSearchViewController.swift */ = {isa = PBXFileReference; fileEncoding = 4; lastKnownFileType = sourcecode.swift; path = SpruceSearchViewController.swift; sourceTree = "<group>"; };
		84EBF05D1B30619B008D2306 /* MyClosetViewController.swift */ = {isa = PBXFileReference; fileEncoding = 4; lastKnownFileType = sourcecode.swift; path = MyClosetViewController.swift; sourceTree = "<group>"; };
		84FDB95F1B1595FA00E8D720 /* NotificationCell.swift */ = {isa = PBXFileReference; fileEncoding = 4; lastKnownFileType = sourcecode.swift; path = NotificationCell.swift; sourceTree = "<group>"; };
		84FDB9621B15A63700E8D720 /* NotificationViewController.swift */ = {isa = PBXFileReference; fileEncoding = 4; lastKnownFileType = sourcecode.swift; path = NotificationViewController.swift; sourceTree = "<group>"; };
		9C19E471A8B7AC341F31C03D /* Pods-Sprubix.release.xcconfig */ = {isa = PBXFileReference; includeInIndex = 1; lastKnownFileType = text.xcconfig; name = "Pods-Sprubix.release.xcconfig"; path = "Pods/Target Support Files/Pods-Sprubix/Pods-Sprubix.release.xcconfig"; sourceTree = "<group>"; };
/* End PBXFileReference section */

/* Begin PBXFrameworksBuildPhase section */
		845048AB1A9ECC81008BDBAA /* Frameworks */ = {
			isa = PBXFrameworksBuildPhase;
			buildActionMask = 2147483647;
			files = (
				440EEF4B5FE0D5277D1F73A6 /* Pods_Sprubix.framework in Frameworks */,
			);
			runOnlyForDeploymentPostprocessing = 0;
		};
		845048C31A9ECC81008BDBAA /* Frameworks */ = {
			isa = PBXFrameworksBuildPhase;
			buildActionMask = 2147483647;
			files = (
			);
			runOnlyForDeploymentPostprocessing = 0;
		};
/* End PBXFrameworksBuildPhase section */

/* Begin PBXGroup section */
		4AF451CB8B8147F7AB8DA29A /* Pods */ = {
			isa = PBXGroup;
			children = (
				3CCB3E13BD90F2A4CB30E528 /* Pods-Sprubix.debug.xcconfig */,
				9C19E471A8B7AC341F31C03D /* Pods-Sprubix.release.xcconfig */,
			);
			name = Pods;
			sourceTree = "<group>";
		};
		8405D0471B54DC7900B42752 /* Auth */ = {
			isa = PBXGroup;
			children = (
				8405D0481B54DC8900B42752 /* Auth.storyboard */,
			);
			name = Auth;
			sourceTree = "<group>";
		};
		8405D0581B5B60DF00B42752 /* Checkout */ = {
			isa = PBXGroup;
			children = (
				84C664951B4290AC00E18FF7 /* CartViewController.swift */,
				8405D04A1B552C5E00B42752 /* CheckoutPointsViewController.swift */,
				8405D02E1B4E8E7A00B42752 /* CheckoutViewController.swift */,
				8405D03B1B525F5B00B42752 /* CheckoutOrderViewController.swift */,
			);
			name = Checkout;
			sourceTree = "<group>";
		};
		8405D0591B5B610200B42752 /* Order */ = {
			isa = PBXGroup;
			children = (
				8405D03D1B526A0E00B42752 /* OrdersViewController.swift */,
				8405D0541B5B539000B42752 /* ShopOrdersViewController.swift */,
				8405D0561B5B60BC00B42752 /* ShopOrderDetailsViewController.swift */,
				8405D0621B5E607500B42752 /* CustomerDetailsViewController.swift */,
			);
			name = Order;
			sourceTree = "<group>";
		};
		8405D05A1B5B612400B42752 /* Checkout */ = {
			isa = PBXGroup;
			children = (
				84C664971B4290D400E18FF7 /* CartItemCell.swift */,
				8482B8651B476A280017CEEF /* CartItemSectionHeader.swift */,
				8482B8671B47B3FF0017CEEF /* CartItemSectionFooter.swift */,
				8405D0321B511F8400B42752 /* CheckoutItemCell.swift */,
				8405D0341B512B7400B42752 /* CheckoutDeliveryPaymentCell.swift */,
				8405D0501B55481D00B42752 /* CheckoutPointsItemCell.swift */,
				8405D04C1B552CAB00B42752 /* CheckoutPointsSectionHeader.swift */,
				8405D04E1B552CD300B42752 /* CheckoutPointsSectionFooter.swift */,
			);
			name = Checkout;
			sourceTree = "<group>";
		};
		8405D05B1B5B612B00B42752 /* Order */ = {
			isa = PBXGroup;
			children = (
				8405D0521B5A615D00B42752 /* OrderCell.swift */,
				8405D05C1B5CB7E700B42752 /* OrderDetailsUserCell.swift */,
				8405D05E1B5CB83500B42752 /* OrderDetailsContactCell.swift */,
				8405D0601B5CC7A700B42752 /* OrderDetailsStatusCell.swift */,
				845834CB1B749327007C6F6B /* OrderDetailsRefundCell.swift */,
				8405D0641B5F709000B42752 /* CustomerDetailsRecentOrdersCell.swift */,
			);
			name = Order;
			sourceTree = "<group>";
		};
		845048A51A9ECC81008BDBAA = {
			isa = PBXGroup;
			children = (
				845048B01A9ECC81008BDBAA /* Sprubix */,
				845048C91A9ECC81008BDBAA /* SprubixTests */,
				845048AF1A9ECC81008BDBAA /* Products */,
				4AF451CB8B8147F7AB8DA29A /* Pods */,
				C8DB1F85BAB349ED9836B8C0 /* Frameworks */,
			);
			sourceTree = "<group>";
		};
		845048AF1A9ECC81008BDBAA /* Products */ = {
			isa = PBXGroup;
			children = (
				845048AE1A9ECC81008BDBAA /* Sprubix.app */,
				845048C61A9ECC81008BDBAA /* SprubixTests.xctest */,
			);
			name = Products;
			sourceTree = "<group>";
		};
		845048B01A9ECC81008BDBAA /* Sprubix */ = {
			isa = PBXGroup;
			children = (
				845048B31A9ECC81008BDBAA /* AppDelegate.swift */,
				84B334E61AAB0C5A00B9707D /* Models */,
				8497333F1AA4556A00E5C750 /* Views */,
				8497333E1AA4556200E5C750 /* Controllers */,
				845048B51A9ECC81008BDBAA /* Sprubix.xcdatamodeld */,
				845048B11A9ECC81008BDBAA /* Supporting Files */,
			);
			path = Sprubix;
			sourceTree = "<group>";
		};
		845048B11A9ECC81008BDBAA /* Supporting Files */ = {
			isa = PBXGroup;
			children = (
				845048D61A9ECFE2008BDBAA /* Sprubix-Bridging-Header.h */,
				845048BD1A9ECC81008BDBAA /* Images.xcassets */,
				845048B21A9ECC81008BDBAA /* Info.plist */,
				84B335411AB2BC1400B9707D /* Macro.swift */,
				84B335431AB2BD0700B9707D /* Extension.swift */,
				846C97921ABAB11F0050D0BC /* Subclasses.swift */,
				84B334F31AAC99F300B9707D /* icon-placeholder.png */,
				84D697281AC922DA00C676FD /* logo-final-square.png */,
			);
			name = "Supporting Files";
			sourceTree = "<group>";
		};
		845048C91A9ECC81008BDBAA /* SprubixTests */ = {
			isa = PBXGroup;
			children = (
				845048CC1A9ECC81008BDBAA /* SprubixTests.swift */,
				845048CA1A9ECC81008BDBAA /* Supporting Files */,
			);
			path = SprubixTests;
			sourceTree = "<group>";
		};
		845048CA1A9ECC81008BDBAA /* Supporting Files */ = {
			isa = PBXGroup;
			children = (
				845048CB1A9ECC81008BDBAA /* Info.plist */,
			);
			name = "Supporting Files";
			sourceTree = "<group>";
		};
		845834CA1B7486EA007C6F6B /* Refund */ = {
			isa = PBXGroup;
			children = (
				845834C61B73B8A5007C6F6B /* ShopOrderRefundsViewController.swift */,
				845834C81B7486E4007C6F6B /* ShopOrderRefundDetailsViewController.swift */,
			);
			name = Refund;
			sourceTree = "<group>";
		};
		845834CD1B74A29B007C6F6B /* Refund */ = {
			isa = PBXGroup;
			children = (
				840950DE1B7C9BD70094BE76 /* RefundCell.swift */,
				845834CE1B74A2AE007C6F6B /* RefundDetailsItemCell.swift */,
				845834D01B74ABE6007C6F6B /* RefundDetailsFooterCell.swift */,
				845834D81B7B42F1007C6F6B /* RefundDetailsStatusCell.swift */,
			);
			name = Refund;
			sourceTree = "<group>";
		};
		846C979A1ABD5BCC0050D0BC /* Spruce */ = {
			isa = PBXGroup;
			children = (
				84EBF05A1B306137008D2306 /* Search */,
				846C97981ABD545A0050D0BC /* SpruceViewController.swift */,
				846C979C1ABD68A80050D0BC /* SprucePieceFeedController.swift */,
				84D697261AC7E05800C676FD /* SpruceShareViewController.swift */,
			);
			name = Spruce;
			sourceTree = "<group>";
		};
		846C979B1ABD5BE50050D0BC /* Feed */ = {
			isa = PBXGroup;
			children = (
				84470D891AECC41B007E9A93 /* MainFeedController.swift */,
				846027A21B18B17B00A28C78 /* CommentsViewController.swift */,
				8488717B1B32D163001D60A1 /* BrowseFeedController.swift */,
				8405D0661B5F8B6000B42752 /* PeopleFeedViewController.swift */,
				845834C21B6F94CD007C6F6B /* SearchViewController.swift */,
			);
			name = Feed;
			sourceTree = "<group>";
		};
		846C979E1ABDA5840050D0BC /* Spruce */ = {
			isa = PBXGroup;
			children = (
				846C979F1ABDA6F00050D0BC /* SprucePieceFeedCell.swift */,
			);
			name = Spruce;
			sourceTree = "<group>";
		};
		8482B8691B490F330017CEEF /* Settings */ = {
			isa = PBXGroup;
			children = (
				8475ECFC1B25D4F80000111A /* SettingsViewController.swift */,
				8482B86A1B490F930017CEEF /* DeliveryAddressesViewController.swift */,
				8482B86F1B493B1F0017CEEF /* DeliveryAddressesDetailsViewController.swift */,
				059E98921B563B85007A5A42 /* EditProfileViewController.swift */,
				845834BA1B6B2EB0007C6F6B /* EditProfileCropPhotoViewController.swift */,
				845834BE1B6CC834007C6F6B /* EditProfileSnapPhotoViewController.swift */,
				052925CE1B578CE400B939F8 /* EditPasswordViewController.swift */,
				05F7EDDF1B58EA0F00CB2665 /* HelpCenterViewController.swift */,
				0544BAAA1B8F147D00B058A8 /* TermsOfServiceViewController.swift */,
				0544BAAC1B8F148F00B058A8 /* PrivacyPolicyViewController.swift */,
				05F7EDE11B593EA200CB2665 /* ProvideFeedbackViewController.swift */,
				8482B8731B4E62A60017CEEF /* PaymentMethodsViewController.swift */,
				8482B8751B4E65870017CEEF /* PaymentMethodsDetailsViewController.swift */,
			);
			name = Settings;
			sourceTree = "<group>";
		};
		8482B86C1B4926AD0017CEEF /* Settings */ = {
			isa = PBXGroup;
			children = (
				8405D0451B54DB8700B42752 /* Settings.storyboard */,
				8482B86D1B4926CC0017CEEF /* DeliveryAddressCell.swift */,
				8405D0301B4FD3A400B42752 /* PaymentMethodCell.swift */,
			);
			name = Settings;
			sourceTree = "<group>";
		};
		8488717D1B369995001D60A1 /* Shop */ = {
			isa = PBXGroup;
			children = (
				8405D0411B54D87D00B42752 /* Shop.storyboard */,
				8488717E1B369CBA001D60A1 /* InventoryCell.swift */,
				84C6648F1B3AD7EB00E18FF7 /* DeliveryOptionCell.swift */,
				05BE68881B75D5690098FDCF /* DashboardOverlay.swift */,
				058609E31B76221B009AAA93 /* DashboardItemCell.swift */,
				8405D05A1B5B612400B42752 /* Checkout */,
				8405D05B1B5B612B00B42752 /* Order */,
				845834CD1B74A29B007C6F6B /* Refund */,
			);
			name = Shop;
			sourceTree = "<group>";
		};
		848871801B36A112001D60A1 /* Shop */ = {
			isa = PBXGroup;
			children = (
				848871811B36A140001D60A1 /* InventoryViewController.swift */,
				84C6648D1B3AB80600E18FF7 /* DeliveryOptionsViewController.swift */,
				84C664911B3AEA5400E18FF7 /* DeliveryOptionsDetailsViewController.swift */,
				05BE68861B75C0410098FDCF /* DashboardViewController.swift */,
				845834CA1B7486EA007C6F6B /* Refund */,
				8405D0581B5B60DF00B42752 /* Checkout */,
				8405D0591B5B610200B42752 /* Order */,
			);
			name = Shop;
			sourceTree = "<group>";
		};
		8497333E1AA4556200E5C750 /* Controllers */ = {
			isa = PBXGroup;
			children = (
				84FCCAC11AB56466009C10B2 /* Auth */,
				84FDB95E1B15956100E8D720 /* Main */,
				846C979B1ABD5BE50050D0BC /* Feed */,
				84FDB95D1B15954400E8D720 /* Details */,
				84ACA11B1AE78D920084D4CF /* Profile */,
				846C979A1ABD5BCC0050D0BC /* Spruce */,
				84FDB9611B15A5F900E8D720 /* Menu */,
				84ACA11C1AE78EBF0084D4CF /* Create */,
				848871801B36A112001D60A1 /* Shop */,
			);
			name = Controllers;
			sourceTree = "<group>";
		};
		8497333F1AA4556A00E5C750 /* Views */ = {
			isa = PBXGroup;
			children = (
				845048BA1A9ECC81008BDBAA /* Main.storyboard */,
				845048BF1A9ECC81008BDBAA /* LaunchScreen.xib */,
				8405D0471B54DC7900B42752 /* Auth */,
				84FDB95B1B1594FC00E8D720 /* Feed */,
				84FDB95C1B15952A00E8D720 /* Details */,
				84FCCABF1AB56422009C10B2 /* Profile */,
				846C979E1ABDA5840050D0BC /* Spruce */,
				84FDB95A1B1594E000E8D720 /* Menu */,
				8488717D1B369995001D60A1 /* Shop */,
			);
			name = Views;
			sourceTree = "<group>";
		};
		84ACA11B1AE78D920084D4CF /* Profile */ = {
			isa = PBXGroup;
			children = (
				84B335271AADE1F600B9707D /* UserProfileViewController.swift */,
				845834D21B7661D7007C6F6B /* UserFollowListViewController.swift */,
			);
			name = Profile;
			sourceTree = "<group>";
		};
		84ACA11C1AE78EBF0084D4CF /* Create */ = {
			isa = PBXGroup;
			children = (
				84EAB5271B4568520064F888 /* CreateOutfitViewController.swift */,
				84ACA11D1AE78F250084D4CF /* SprubixCameraViewController.swift */,
				84ACA1221AE7B5C80084D4CF /* EditSnapshotViewController.swift */,
				843B81A01AFCB71900FA2DD2 /* SnapshotShareController.swift */,
				843B81A21AFDF22200FA2DD2 /* SnapshotDetailsController.swift */,
				84C664931B40F74500E18FF7 /* SnapshotDetailsSizeController.swift */,
			);
			name = Create;
			sourceTree = "<group>";
		};
		84ACA11F1AE78FE00084D4CF /* Create */ = {
			isa = PBXGroup;
			children = (
				84ACA1201AE790020084D4CF /* SprubixCamera.swift */,
				8486D4151B04774800ED31BA /* SprubixPiece.swift */,
			);
			name = Create;
			sourceTree = "<group>";
		};
		84B334E61AAB0C5A00B9707D /* Models */ = {
			isa = PBXGroup;
			children = (
				84B3353B1AB2B96A00B9707D /* Transition */,
				84ACA11F1AE78FE00084D4CF /* Create */,
				84B335311AAF095900B9707D /* SprubixStretchyHeader.swift */,
				84B334E71AAB0C7D00B9707D /* SidePanelOption.swift */,
			);
			name = Models;
			sourceTree = "<group>";
		};
		84B3353B1AB2B96A00B9707D /* Transition */ = {
			isa = PBXGroup;
			children = (
				84B3353C1AB2B97700B9707D /* Protocol */,
				84B3353F1AB2BB9E00B9707D /* Transition.swift */,
			);
			name = Transition;
			sourceTree = "<group>";
		};
		84B3353C1AB2B97700B9707D /* Protocol */ = {
			isa = PBXGroup;
			children = (
				84B3353D1AB2BA2000B9707D /* TransitionProtocol.swift */,
			);
			name = Protocol;
			sourceTree = "<group>";
		};
		84EBF05A1B306137008D2306 /* Search */ = {
			isa = PBXGroup;
			children = (
				84EBF05B1B306176008D2306 /* SpruceSearchViewController.swift */,
				848871791B32996E001D60A1 /* SpruceSearchResultsViewController.swift */,
				84EBF05D1B30619B008D2306 /* MyClosetViewController.swift */,
			);
			name = Search;
			sourceTree = "<group>";
		};
		84FCCABF1AB56422009C10B2 /* Profile */ = {
			isa = PBXGroup;
			children = (
				84B335291AAEBF8300B9707D /* ProfileOutfitCell.swift */,
				84B335351AB1ADBD00B9707D /* ProfilePieceCell.swift */,
				84B3352B1AAEE2EB00B9707D /* UserProfileHeader.swift */,
				84B3352D1AAEEA1000B9707D /* UserProfileFooter.swift */,
				845834D41B766B29007C6F6B /* UserFollowListCell.swift */,
				845834D61B766CA1007C6F6B /* UserFollowListUNCell.swift */,
				05044E2F1B91803E00A50F3F /* SearchUserCell.swift */,
			);
			name = Profile;
			sourceTree = "<group>";
		};
		84FCCAC11AB56466009C10B2 /* Auth */ = {
			isa = PBXGroup;
			children = (
				845048B81A9ECC81008BDBAA /* SignUpViewController.swift */,
				84C9AC3D1AA06041009ADF5C /* SignInViewController.swift */,
			);
			name = Auth;
			sourceTree = "<group>";
		};
		84FDB95A1B1594E000E8D720 /* Menu */ = {
			isa = PBXGroup;
			children = (
				8405D0431B54DA3900B42752 /* Menu.storyboard */,
				84B334E91AAB0CC900B9707D /* SidePanelCell.swift */,
				84FDB95F1B1595FA00E8D720 /* NotificationCell.swift */,
				8482B86C1B4926AD0017CEEF /* Settings */,
			);
			name = Menu;
			sourceTree = "<group>";
		};
		84FDB95B1B1594FC00E8D720 /* Feed */ = {
			isa = PBXGroup;
			children = (
				84470D8B1AED1847007E9A93 /* MainFeedCell.swift */,
				846027A41B18B71900A28C78 /* CommentCell.swift */,
				845834C01B6F5994007C6F6B /* PeopleFeedCell.swift */,
			);
			name = Feed;
			sourceTree = "<group>";
		};
		84FDB95C1B15952A00E8D720 /* Details */ = {
			isa = PBXGroup;
			children = (
				84B335491AB4035A00B9707D /* OutfitDetailsCell.swift */,
				84B3354D1AB4520C00B9707D /* PieceDetailsCell.swift */,
			);
			name = Details;
			sourceTree = "<group>";
		};
		84FDB95D1B15954400E8D720 /* Details */ = {
			isa = PBXGroup;
			children = (
				84B335451AB2DA6F00B9707D /* OutfitDetailsViewController.swift */,
				84B3354B1AB449F500B9707D /* PieceDetailsViewController.swift */,
			);
			name = Details;
			sourceTree = "<group>";
		};
		84FDB95E1B15956100E8D720 /* Main */ = {
			isa = PBXGroup;
			children = (
				84B334EB1AAB1F9B00B9707D /* ContainerViewController.swift */,
			);
			name = Main;
			sourceTree = "<group>";
		};
		84FDB9611B15A5F900E8D720 /* Menu */ = {
			isa = PBXGroup;
			children = (
				84B334E41AAB00DD00B9707D /* SidePanelViewController.swift */,
				84FDB9621B15A63700E8D720 /* NotificationViewController.swift */,
				8475ECFA1B24055D0000111A /* FavoritesViewController.swift */,
				8482B8691B490F330017CEEF /* Settings */,
			);
			name = Menu;
			sourceTree = "<group>";
		};
		C8DB1F85BAB349ED9836B8C0 /* Frameworks */ = {
			isa = PBXGroup;
			children = (
				1A23433EF8FCD1F1CE7226A6 /* Pods_Sprubix.framework */,
			);
			name = Frameworks;
			sourceTree = "<group>";
		};
/* End PBXGroup section */

/* Begin PBXNativeTarget section */
		845048AD1A9ECC81008BDBAA /* Sprubix */ = {
			isa = PBXNativeTarget;
			buildConfigurationList = 845048D01A9ECC81008BDBAA /* Build configuration list for PBXNativeTarget "Sprubix" */;
			buildPhases = (
				635BABC215BC6E2BBB953F46 /* Check Pods Manifest.lock */,
				845048AA1A9ECC81008BDBAA /* Sources */,
				845048AB1A9ECC81008BDBAA /* Frameworks */,
				845048AC1A9ECC81008BDBAA /* Resources */,
				B7ED7270C67BCD69752250FC /* Copy Pods Resources */,
				983BD515A56370F7A86F5BDD /* Embed Pods Frameworks */,
				847E5B761B70C9050033D586 /* ShellScript */,
			);
			buildRules = (
			);
			dependencies = (
			);
			name = Sprubix;
			productName = Sprubix;
			productReference = 845048AE1A9ECC81008BDBAA /* Sprubix.app */;
			productType = "com.apple.product-type.application";
		};
		845048C51A9ECC81008BDBAA /* SprubixTests */ = {
			isa = PBXNativeTarget;
			buildConfigurationList = 845048D31A9ECC81008BDBAA /* Build configuration list for PBXNativeTarget "SprubixTests" */;
			buildPhases = (
				845048C21A9ECC81008BDBAA /* Sources */,
				845048C31A9ECC81008BDBAA /* Frameworks */,
				845048C41A9ECC81008BDBAA /* Resources */,
			);
			buildRules = (
			);
			dependencies = (
				845048C81A9ECC81008BDBAA /* PBXTargetDependency */,
			);
			name = SprubixTests;
			productName = SprubixTests;
			productReference = 845048C61A9ECC81008BDBAA /* SprubixTests.xctest */;
			productType = "com.apple.product-type.bundle.unit-test";
		};
/* End PBXNativeTarget section */

/* Begin PBXProject section */
		845048A61A9ECC81008BDBAA /* Project object */ = {
			isa = PBXProject;
			attributes = {
				LastUpgradeCheck = 0610;
				ORGANIZATIONNAME = Sprubix;
				TargetAttributes = {
					845048AD1A9ECC81008BDBAA = {
						CreatedOnToolsVersion = 6.1.1;
						DevelopmentTeam = 89UBS4A28G;
					};
					845048C51A9ECC81008BDBAA = {
						CreatedOnToolsVersion = 6.1.1;
						TestTargetID = 845048AD1A9ECC81008BDBAA;
					};
				};
			};
			buildConfigurationList = 845048A91A9ECC81008BDBAA /* Build configuration list for PBXProject "Sprubix" */;
			compatibilityVersion = "Xcode 3.2";
			developmentRegion = English;
			hasScannedForEncodings = 0;
			knownRegions = (
				en,
				Base,
			);
			mainGroup = 845048A51A9ECC81008BDBAA;
			productRefGroup = 845048AF1A9ECC81008BDBAA /* Products */;
			projectDirPath = "";
			projectRoot = "";
			targets = (
				845048AD1A9ECC81008BDBAA /* Sprubix */,
				845048C51A9ECC81008BDBAA /* SprubixTests */,
			);
		};
/* End PBXProject section */

/* Begin PBXResourcesBuildPhase section */
		845048AC1A9ECC81008BDBAA /* Resources */ = {
			isa = PBXResourcesBuildPhase;
			buildActionMask = 2147483647;
			files = (
				8405D0461B54DB8700B42752 /* Settings.storyboard in Resources */,
				845048BC1A9ECC81008BDBAA /* Main.storyboard in Resources */,
				845048C11A9ECC81008BDBAA /* LaunchScreen.xib in Resources */,
				84D697291AC922DA00C676FD /* logo-final-square.png in Resources */,
				8405D0441B54DA3900B42752 /* Menu.storyboard in Resources */,
				8405D0421B54D87D00B42752 /* Shop.storyboard in Resources */,
				8405D0491B54DC8900B42752 /* Auth.storyboard in Resources */,
				845048BE1A9ECC81008BDBAA /* Images.xcassets in Resources */,
				84B334F41AAC99F300B9707D /* icon-placeholder.png in Resources */,
			);
			runOnlyForDeploymentPostprocessing = 0;
		};
		845048C41A9ECC81008BDBAA /* Resources */ = {
			isa = PBXResourcesBuildPhase;
			buildActionMask = 2147483647;
			files = (
			);
			runOnlyForDeploymentPostprocessing = 0;
		};
/* End PBXResourcesBuildPhase section */

/* Begin PBXShellScriptBuildPhase section */
		635BABC215BC6E2BBB953F46 /* Check Pods Manifest.lock */ = {
			isa = PBXShellScriptBuildPhase;
			buildActionMask = 2147483647;
			files = (
			);
			inputPaths = (
			);
			name = "Check Pods Manifest.lock";
			outputPaths = (
			);
			runOnlyForDeploymentPostprocessing = 0;
			shellPath = /bin/sh;
			shellScript = "diff \"${PODS_ROOT}/../Podfile.lock\" \"${PODS_ROOT}/Manifest.lock\" > /dev/null\nif [[ $? != 0 ]] ; then\n    cat << EOM\nerror: The sandbox is not in sync with the Podfile.lock. Run 'pod install' or update your CocoaPods installation.\nEOM\n    exit 1\nfi\n";
			showEnvVarsInLog = 0;
		};
		847E5B761B70C9050033D586 /* ShellScript */ = {
			isa = PBXShellScriptBuildPhase;
			buildActionMask = 2147483647;
			files = (
			);
			inputPaths = (
			);
			outputPaths = (
			);
			runOnlyForDeploymentPostprocessing = 0;
			shellPath = /bin/sh;
			shellScript = "\"${PODS_ROOT}/Fabric/Fabric.framework/run\" 4d86b1ff2add913b1f0c1025f17138ee08995027 062413183ff4237f631825491195052c15eb206b1b03a9ad62497747fefd77f8";
		};
		983BD515A56370F7A86F5BDD /* Embed Pods Frameworks */ = {
			isa = PBXShellScriptBuildPhase;
			buildActionMask = 2147483647;
			files = (
			);
			inputPaths = (
			);
			name = "Embed Pods Frameworks";
			outputPaths = (
			);
			runOnlyForDeploymentPostprocessing = 0;
			shellPath = /bin/sh;
			shellScript = "\"${SRCROOT}/Pods/Target Support Files/Pods-Sprubix/Pods-Sprubix-frameworks.sh\"\n";
			showEnvVarsInLog = 0;
		};
		B7ED7270C67BCD69752250FC /* Copy Pods Resources */ = {
			isa = PBXShellScriptBuildPhase;
			buildActionMask = 2147483647;
			files = (
			);
			inputPaths = (
			);
			name = "Copy Pods Resources";
			outputPaths = (
			);
			runOnlyForDeploymentPostprocessing = 0;
			shellPath = /bin/sh;
			shellScript = "\"${SRCROOT}/Pods/Target Support Files/Pods-Sprubix/Pods-Sprubix-resources.sh\"\n";
			showEnvVarsInLog = 0;
		};
/* End PBXShellScriptBuildPhase section */

/* Begin PBXSourcesBuildPhase section */
		845048AA1A9ECC81008BDBAA /* Sources */ = {
			isa = PBXSourcesBuildPhase;
			buildActionMask = 2147483647;
			files = (
				845834D31B7661D7007C6F6B /* UserFollowListViewController.swift in Sources */,
				846027A31B18B17B00A28C78 /* CommentsViewController.swift in Sources */,
				84B335401AB2BB9E00B9707D /* Transition.swift in Sources */,
				845834CF1B74A2AE007C6F6B /* RefundDetailsItemCell.swift in Sources */,
				05044E301B91803E00A50F3F /* SearchUserCell.swift in Sources */,
				8488717C1B32D163001D60A1 /* BrowseFeedController.swift in Sources */,
				8405D0631B5E607500B42752 /* CustomerDetailsViewController.swift in Sources */,
				84B3353E1AB2BA2000B9707D /* TransitionProtocol.swift in Sources */,
				84B3352C1AAEE2EB00B9707D /* UserProfileHeader.swift in Sources */,
				84C6648E1B3AB80600E18FF7 /* DeliveryOptionsViewController.swift in Sources */,
				8475ECFB1B24055D0000111A /* FavoritesViewController.swift in Sources */,
				845048B91A9ECC81008BDBAA /* SignUpViewController.swift in Sources */,
				84C664921B3AEA5400E18FF7 /* DeliveryOptionsDetailsViewController.swift in Sources */,
				845834BB1B6B2EB0007C6F6B /* EditProfileCropPhotoViewController.swift in Sources */,
				84B334EC1AAB1F9B00B9707D /* ContainerViewController.swift in Sources */,
				8475ECFD1B25D4F80000111A /* SettingsViewController.swift in Sources */,
				845834CC1B749327007C6F6B /* OrderDetailsRefundCell.swift in Sources */,
				8482B8761B4E65870017CEEF /* PaymentMethodsDetailsViewController.swift in Sources */,
				845834D11B74ABE6007C6F6B /* RefundDetailsFooterCell.swift in Sources */,
				8482B8681B47B3FF0017CEEF /* CartItemSectionFooter.swift in Sources */,
				8405D0511B55481D00B42752 /* CheckoutPointsItemCell.swift in Sources */,
				052925CF1B578CE400B939F8 /* EditPasswordViewController.swift in Sources */,
				848871821B36A140001D60A1 /* InventoryViewController.swift in Sources */,
				84B334EA1AAB0CC900B9707D /* SidePanelCell.swift in Sources */,
				8482B86E1B4926CC0017CEEF /* DeliveryAddressCell.swift in Sources */,
				84C664901B3AD7EB00E18FF7 /* DeliveryOptionCell.swift in Sources */,
				845834C11B6F5994007C6F6B /* PeopleFeedCell.swift in Sources */,
				845048B41A9ECC81008BDBAA /* AppDelegate.swift in Sources */,
				84FDB9601B1595FA00E8D720 /* NotificationCell.swift in Sources */,
				8488717F1B369CBA001D60A1 /* InventoryCell.swift in Sources */,
				84470D8A1AECC41B007E9A93 /* MainFeedController.swift in Sources */,
				845834BF1B6CC834007C6F6B /* EditProfileSnapPhotoViewController.swift in Sources */,
				8405D0531B5A615D00B42752 /* OrderCell.swift in Sources */,
				84C9AC3E1AA06041009ADF5C /* SignInViewController.swift in Sources */,
				84B334E51AAB00DD00B9707D /* SidePanelViewController.swift in Sources */,
				8482B8741B4E62A60017CEEF /* PaymentMethodsViewController.swift in Sources */,
				8405D0571B5B60BC00B42752 /* ShopOrderDetailsViewController.swift in Sources */,
				8405D0651B5F709000B42752 /* CustomerDetailsRecentOrdersCell.swift in Sources */,
				843B81A11AFCB71900FA2DD2 /* SnapshotShareController.swift in Sources */,
				845834D71B766CA1007C6F6B /* UserFollowListUNCell.swift in Sources */,
				845834C31B6F94CD007C6F6B /* SearchViewController.swift in Sources */,
				846C97991ABD545A0050D0BC /* SpruceViewController.swift in Sources */,
				84B335361AB1ADBD00B9707D /* ProfilePieceCell.swift in Sources */,
				8405D05F1B5CB83500B42752 /* OrderDetailsContactCell.swift in Sources */,
				846027A51B18B71900A28C78 /* CommentCell.swift in Sources */,
				84B3354E1AB4520C00B9707D /* PieceDetailsCell.swift in Sources */,
				8486D4161B04774800ED31BA /* SprubixPiece.swift in Sources */,
				846C979D1ABD68A80050D0BC /* SprucePieceFeedController.swift in Sources */,
				845834D51B766B29007C6F6B /* UserFollowListCell.swift in Sources */,
				8482B86B1B490F930017CEEF /* DeliveryAddressesViewController.swift in Sources */,
				84B335321AAF095900B9707D /* SprubixStretchyHeader.swift in Sources */,
				843B81A31AFDF22200FA2DD2 /* SnapshotDetailsController.swift in Sources */,
				8488717A1B32996E001D60A1 /* SpruceSearchResultsViewController.swift in Sources */,
				8405D04B1B552C5E00B42752 /* CheckoutPointsViewController.swift in Sources */,
				84C664981B4290D400E18FF7 /* CartItemCell.swift in Sources */,
				84ACA1211AE790020084D4CF /* SprubixCamera.swift in Sources */,
				8405D0671B5F8B6100B42752 /* PeopleFeedViewController.swift in Sources */,
				845834C71B73B8A5007C6F6B /* ShopOrderRefundsViewController.swift in Sources */,
				846C97A01ABDA6F00050D0BC /* SprucePieceFeedCell.swift in Sources */,
				84C664961B4290AC00E18FF7 /* CartViewController.swift in Sources */,
				0544BAAD1B8F148F00B058A8 /* PrivacyPolicyViewController.swift in Sources */,
				846C97931ABAB11F0050D0BC /* Subclasses.swift in Sources */,
				05BE68891B75D5690098FDCF /* DashboardOverlay.swift in Sources */,
				05BE68871B75C0410098FDCF /* DashboardViewController.swift in Sources */,
				84ACA11E1AE78F250084D4CF /* SprubixCameraViewController.swift in Sources */,
				8405D04D1B552CAB00B42752 /* CheckoutPointsSectionHeader.swift in Sources */,
				84EBF05E1B30619B008D2306 /* MyClosetViewController.swift in Sources */,
				845048B71A9ECC81008BDBAA /* Sprubix.xcdatamodeld in Sources */,
				845834D91B7B42F1007C6F6B /* RefundDetailsStatusCell.swift in Sources */,
				84470D8C1AED1847007E9A93 /* MainFeedCell.swift in Sources */,
				059E98931B563B85007A5A42 /* EditProfileViewController.swift in Sources */,
				84FDB9631B15A63700E8D720 /* NotificationViewController.swift in Sources */,
				8405D0311B4FD3A400B42752 /* PaymentMethodCell.swift in Sources */,
				84B3354C1AB449F500B9707D /* PieceDetailsViewController.swift in Sources */,
				05F7EDE01B58EA0F00CB2665 /* HelpCenterViewController.swift in Sources */,
				840950DF1B7C9BD70094BE76 /* RefundCell.swift in Sources */,
				8405D03E1B526A0E00B42752 /* OrdersViewController.swift in Sources */,
				8482B8661B476A280017CEEF /* CartItemSectionHeader.swift in Sources */,
				84B3352E1AAEEA1000B9707D /* UserProfileFooter.swift in Sources */,
				8482B8701B493B1F0017CEEF /* DeliveryAddressesDetailsViewController.swift in Sources */,
				84B334E81AAB0C7D00B9707D /* SidePanelOption.swift in Sources */,
				0544BAAB1B8F147D00B058A8 /* TermsOfServiceViewController.swift in Sources */,
				8405D02F1B4E8E7A00B42752 /* CheckoutViewController.swift in Sources */,
				8405D0551B5B539000B42752 /* ShopOrdersViewController.swift in Sources */,
				845834C91B7486E4007C6F6B /* ShopOrderRefundDetailsViewController.swift in Sources */,
				84B3354A1AB4035A00B9707D /* OutfitDetailsCell.swift in Sources */,
				8405D03C1B525F5B00B42752 /* CheckoutOrderViewController.swift in Sources */,
				05F7EDE21B593EA200CB2665 /* ProvideFeedbackViewController.swift in Sources */,
				058609E41B76221B009AAA93 /* DashboardItemCell.swift in Sources */,
				84B335441AB2BD0700B9707D /* Extension.swift in Sources */,
				8405D0331B511F8400B42752 /* CheckoutItemCell.swift in Sources */,
				84B335281AADE1F600B9707D /* UserProfileViewController.swift in Sources */,
				8405D05D1B5CB7E700B42752 /* OrderDetailsUserCell.swift in Sources */,
				8405D0611B5CC7A700B42752 /* OrderDetailsStatusCell.swift in Sources */,
				84EAB5281B4568520064F888 /* CreateOutfitViewController.swift in Sources */,
				8405D04F1B552CD300B42752 /* CheckoutPointsSectionFooter.swift in Sources */,
				84EBF05C1B306176008D2306 /* SpruceSearchViewController.swift in Sources */,
				84B3352A1AAEBF8300B9707D /* ProfileOutfitCell.swift in Sources */,
				84D697271AC7E05800C676FD /* SpruceShareViewController.swift in Sources */,
				84C664941B40F74500E18FF7 /* SnapshotDetailsSizeController.swift in Sources */,
				84B335461AB2DA6F00B9707D /* OutfitDetailsViewController.swift in Sources */,
				84ACA1231AE7B5C80084D4CF /* EditSnapshotViewController.swift in Sources */,
				8405D0351B512B7400B42752 /* CheckoutDeliveryPaymentCell.swift in Sources */,
				84B335421AB2BC1400B9707D /* Macro.swift in Sources */,
			);
			runOnlyForDeploymentPostprocessing = 0;
		};
		845048C21A9ECC81008BDBAA /* Sources */ = {
			isa = PBXSourcesBuildPhase;
			buildActionMask = 2147483647;
			files = (
				845048CD1A9ECC81008BDBAA /* SprubixTests.swift in Sources */,
			);
			runOnlyForDeploymentPostprocessing = 0;
		};
/* End PBXSourcesBuildPhase section */

/* Begin PBXTargetDependency section */
		845048C81A9ECC81008BDBAA /* PBXTargetDependency */ = {
			isa = PBXTargetDependency;
			target = 845048AD1A9ECC81008BDBAA /* Sprubix */;
			targetProxy = 845048C71A9ECC81008BDBAA /* PBXContainerItemProxy */;
		};
/* End PBXTargetDependency section */

/* Begin PBXVariantGroup section */
		845048BA1A9ECC81008BDBAA /* Main.storyboard */ = {
			isa = PBXVariantGroup;
			children = (
				845048BB1A9ECC81008BDBAA /* Base */,
			);
			name = Main.storyboard;
			sourceTree = "<group>";
		};
		845048BF1A9ECC81008BDBAA /* LaunchScreen.xib */ = {
			isa = PBXVariantGroup;
			children = (
				845048C01A9ECC81008BDBAA /* Base */,
			);
			name = LaunchScreen.xib;
			sourceTree = "<group>";
		};
/* End PBXVariantGroup section */

/* Begin XCBuildConfiguration section */
		845048CE1A9ECC81008BDBAA /* Debug */ = {
			isa = XCBuildConfiguration;
			buildSettings = {
				ALWAYS_SEARCH_USER_PATHS = NO;
				CLANG_CXX_LANGUAGE_STANDARD = "gnu++0x";
				CLANG_CXX_LIBRARY = "libc++";
				CLANG_ENABLE_MODULES = YES;
				CLANG_ENABLE_OBJC_ARC = YES;
				CLANG_WARN_BOOL_CONVERSION = YES;
				CLANG_WARN_CONSTANT_CONVERSION = YES;
				CLANG_WARN_DIRECT_OBJC_ISA_USAGE = YES_ERROR;
				CLANG_WARN_EMPTY_BODY = YES;
				CLANG_WARN_ENUM_CONVERSION = YES;
				CLANG_WARN_INT_CONVERSION = YES;
				CLANG_WARN_OBJC_ROOT_CLASS = YES_ERROR;
				CLANG_WARN_UNREACHABLE_CODE = YES;
				CLANG_WARN__DUPLICATE_METHOD_MATCH = YES;
				"CODE_SIGN_IDENTITY[sdk=iphoneos*]" = "iPhone Developer";
				COPY_PHASE_STRIP = NO;
				ENABLE_STRICT_OBJC_MSGSEND = YES;
				GCC_C_LANGUAGE_STANDARD = gnu99;
				GCC_DYNAMIC_NO_PIC = NO;
				GCC_OPTIMIZATION_LEVEL = 0;
				GCC_PREPROCESSOR_DEFINITIONS = (
					"DEBUG=1",
					"$(inherited)",
				);
				GCC_SYMBOLS_PRIVATE_EXTERN = NO;
				GCC_WARN_64_TO_32_BIT_CONVERSION = YES;
				GCC_WARN_ABOUT_RETURN_TYPE = YES_ERROR;
				GCC_WARN_UNDECLARED_SELECTOR = YES;
				GCC_WARN_UNINITIALIZED_AUTOS = YES_AGGRESSIVE;
				GCC_WARN_UNUSED_FUNCTION = YES;
				GCC_WARN_UNUSED_VARIABLE = YES;
				IPHONEOS_DEPLOYMENT_TARGET = 8.1;
				MTL_ENABLE_DEBUG_INFO = YES;
				ONLY_ACTIVE_ARCH = YES;
				SDKROOT = iphoneos;
				SWIFT_OPTIMIZATION_LEVEL = "-Onone";
			};
			name = Debug;
		};
		845048CF1A9ECC81008BDBAA /* Release */ = {
			isa = XCBuildConfiguration;
			buildSettings = {
				ALWAYS_SEARCH_USER_PATHS = NO;
				CLANG_CXX_LANGUAGE_STANDARD = "gnu++0x";
				CLANG_CXX_LIBRARY = "libc++";
				CLANG_ENABLE_MODULES = YES;
				CLANG_ENABLE_OBJC_ARC = YES;
				CLANG_WARN_BOOL_CONVERSION = YES;
				CLANG_WARN_CONSTANT_CONVERSION = YES;
				CLANG_WARN_DIRECT_OBJC_ISA_USAGE = YES_ERROR;
				CLANG_WARN_EMPTY_BODY = YES;
				CLANG_WARN_ENUM_CONVERSION = YES;
				CLANG_WARN_INT_CONVERSION = YES;
				CLANG_WARN_OBJC_ROOT_CLASS = YES_ERROR;
				CLANG_WARN_UNREACHABLE_CODE = YES;
				CLANG_WARN__DUPLICATE_METHOD_MATCH = YES;
				"CODE_SIGN_IDENTITY[sdk=iphoneos*]" = "iPhone Developer";
				COPY_PHASE_STRIP = YES;
				ENABLE_NS_ASSERTIONS = NO;
				ENABLE_STRICT_OBJC_MSGSEND = YES;
				GCC_C_LANGUAGE_STANDARD = gnu99;
				GCC_WARN_64_TO_32_BIT_CONVERSION = YES;
				GCC_WARN_ABOUT_RETURN_TYPE = YES_ERROR;
				GCC_WARN_UNDECLARED_SELECTOR = YES;
				GCC_WARN_UNINITIALIZED_AUTOS = YES_AGGRESSIVE;
				GCC_WARN_UNUSED_FUNCTION = YES;
				GCC_WARN_UNUSED_VARIABLE = YES;
				IPHONEOS_DEPLOYMENT_TARGET = 8.1;
				MTL_ENABLE_DEBUG_INFO = NO;
				SDKROOT = iphoneos;
				VALIDATE_PRODUCT = YES;
			};
			name = Release;
		};
		845048D11A9ECC81008BDBAA /* Debug */ = {
			isa = XCBuildConfiguration;
			baseConfigurationReference = 3CCB3E13BD90F2A4CB30E528 /* Pods-Sprubix.debug.xcconfig */;
			buildSettings = {
				ASSETCATALOG_COMPILER_APPICON_NAME = AppIcon;
				CLANG_ENABLE_MODULES = YES;
				CODE_SIGN_IDENTITY = "iPhone Developer";
				"CODE_SIGN_IDENTITY[sdk=iphoneos*]" = "iPhone Developer";
				INFOPLIST_FILE = Sprubix/Info.plist;
				IPHONEOS_DEPLOYMENT_TARGET = 8.0;
				LD_RUNPATH_SEARCH_PATHS = "$(inherited) @executable_path/Frameworks";
				OTHER_SWIFT_FLAGS = "$(inherited)";
				PRODUCT_NAME = "$(TARGET_NAME)";
				PROVISIONING_PROFILE = "";
				SWIFT_OBJC_BRIDGING_HEADER = "Sprubix-Bridging-Header.h";
				SWIFT_OPTIMIZATION_LEVEL = "-Onone";
				TARGETED_DEVICE_FAMILY = 1;
			};
			name = Debug;
		};
		845048D21A9ECC81008BDBAA /* Release */ = {
			isa = XCBuildConfiguration;
			baseConfigurationReference = 9C19E471A8B7AC341F31C03D /* Pods-Sprubix.release.xcconfig */;
			buildSettings = {
				ASSETCATALOG_COMPILER_APPICON_NAME = AppIcon;
				CLANG_ENABLE_MODULES = YES;
				CODE_SIGN_IDENTITY = "iPhone Developer";
				"CODE_SIGN_IDENTITY[sdk=iphoneos*]" = "iPhone Developer";
				INFOPLIST_FILE = Sprubix/Info.plist;
				IPHONEOS_DEPLOYMENT_TARGET = 8.0;
				LD_RUNPATH_SEARCH_PATHS = "$(inherited) @executable_path/Frameworks";
				PRODUCT_NAME = "$(TARGET_NAME)";
				PROVISIONING_PROFILE = "";
				SWIFT_OBJC_BRIDGING_HEADER = "Sprubix-Bridging-Header.h";
				TARGETED_DEVICE_FAMILY = 1;
			};
			name = Release;
		};
		845048D41A9ECC81008BDBAA /* Debug */ = {
			isa = XCBuildConfiguration;
			buildSettings = {
				BUNDLE_LOADER = "$(TEST_HOST)";
				FRAMEWORK_SEARCH_PATHS = (
					"$(SDKROOT)/Developer/Library/Frameworks",
					"$(inherited)",
				);
				GCC_PREPROCESSOR_DEFINITIONS = (
					"DEBUG=1",
					"$(inherited)",
				);
				INFOPLIST_FILE = SprubixTests/Info.plist;
				LD_RUNPATH_SEARCH_PATHS = "$(inherited) @executable_path/Frameworks @loader_path/Frameworks";
				PRODUCT_NAME = "$(TARGET_NAME)";
				TEST_HOST = "$(BUILT_PRODUCTS_DIR)/Sprubix.app/Sprubix";
			};
			name = Debug;
		};
		845048D51A9ECC81008BDBAA /* Release */ = {
			isa = XCBuildConfiguration;
			buildSettings = {
				BUNDLE_LOADER = "$(TEST_HOST)";
				FRAMEWORK_SEARCH_PATHS = (
					"$(SDKROOT)/Developer/Library/Frameworks",
					"$(inherited)",
				);
				INFOPLIST_FILE = SprubixTests/Info.plist;
				LD_RUNPATH_SEARCH_PATHS = "$(inherited) @executable_path/Frameworks @loader_path/Frameworks";
				PRODUCT_NAME = "$(TARGET_NAME)";
				TEST_HOST = "$(BUILT_PRODUCTS_DIR)/Sprubix.app/Sprubix";
			};
			name = Release;
		};
/* End XCBuildConfiguration section */

/* Begin XCConfigurationList section */
		845048A91A9ECC81008BDBAA /* Build configuration list for PBXProject "Sprubix" */ = {
			isa = XCConfigurationList;
			buildConfigurations = (
				845048CE1A9ECC81008BDBAA /* Debug */,
				845048CF1A9ECC81008BDBAA /* Release */,
			);
			defaultConfigurationIsVisible = 0;
			defaultConfigurationName = Release;
		};
		845048D01A9ECC81008BDBAA /* Build configuration list for PBXNativeTarget "Sprubix" */ = {
			isa = XCConfigurationList;
			buildConfigurations = (
				845048D11A9ECC81008BDBAA /* Debug */,
				845048D21A9ECC81008BDBAA /* Release */,
			);
			defaultConfigurationIsVisible = 0;
			defaultConfigurationName = Release;
		};
		845048D31A9ECC81008BDBAA /* Build configuration list for PBXNativeTarget "SprubixTests" */ = {
			isa = XCConfigurationList;
			buildConfigurations = (
				845048D41A9ECC81008BDBAA /* Debug */,
				845048D51A9ECC81008BDBAA /* Release */,
			);
			defaultConfigurationIsVisible = 0;
			defaultConfigurationName = Release;
		};
/* End XCConfigurationList section */

/* Begin XCVersionGroup section */
		845048B51A9ECC81008BDBAA /* Sprubix.xcdatamodeld */ = {
			isa = XCVersionGroup;
			children = (
				845048B61A9ECC81008BDBAA /* Sprubix.xcdatamodel */,
			);
			currentVersion = 845048B61A9ECC81008BDBAA /* Sprubix.xcdatamodel */;
			path = Sprubix.xcdatamodeld;
			sourceTree = "<group>";
			versionGroupType = wrapper.xcdatamodel;
		};
/* End XCVersionGroup section */
	};
	rootObject = 845048A61A9ECC81008BDBAA /* Project object */;
}
